// !$*UTF8*$!
{
	archiveVersion = 1;
	classes = {
	};
	objectVersion = 55;
	objects = {

/* Begin PBXBuildFile section */
		D306F933286EFC04006293E9 /* PlaceLog+CoreDataClass.swift in Sources */ = {isa = PBXBuildFile; fileRef = D306F92B286EFC03006293E9 /* PlaceLog+CoreDataClass.swift */; };
		D306F936286F0A83006293E9 /* InterestingPlace+CoreDataClass.swift in Sources */ = {isa = PBXBuildFile; fileRef = D306F92A286EFC03006293E9 /* InterestingPlace+CoreDataClass.swift */; };
		D306F938286F0A83006293E9 /* LocationSettings+CoreDataClass.swift in Sources */ = {isa = PBXBuildFile; fileRef = D306F926286EFC03006293E9 /* LocationSettings+CoreDataClass.swift */; };
		D306F942286F188C006293E9 /* InterestingPlace+CoreDataProperties.swift in Sources */ = {isa = PBXBuildFile; fileRef = D306F93F286F188C006293E9 /* InterestingPlace+CoreDataProperties.swift */; };
		D306F943286F188C006293E9 /* LocationSettings+CoreDataProperties.swift in Sources */ = {isa = PBXBuildFile; fileRef = D306F940286F188C006293E9 /* LocationSettings+CoreDataProperties.swift */; };
		D306F944286F188C006293E9 /* PlaceLog+CoreDataProperties.swift in Sources */ = {isa = PBXBuildFile; fileRef = D306F941286F188C006293E9 /* PlaceLog+CoreDataProperties.swift */; };
		D306F946286F2022006293E9 /* SettingsModel.swift in Sources */ = {isa = PBXBuildFile; fileRef = D306F945286F2022006293E9 /* SettingsModel.swift */; };
		D312A1462877392400CEFBCC /* InterestingPlaceVisitingLog+CoreDataClass.swift in Sources */ = {isa = PBXBuildFile; fileRef = D312A1442877392400CEFBCC /* InterestingPlaceVisitingLog+CoreDataClass.swift */; };
		D312A1472877392400CEFBCC /* InterestingPlaceVisitingLog+CoreDataProperties.swift in Sources */ = {isa = PBXBuildFile; fileRef = D312A1452877392400CEFBCC /* InterestingPlaceVisitingLog+CoreDataProperties.swift */; };
		D312A1492877399A00CEFBCC /* InterestingPlaceVisitingListView.swift in Sources */ = {isa = PBXBuildFile; fileRef = D312A1482877399A00CEFBCC /* InterestingPlaceVisitingListView.swift */; };
		D312A14B287739BC00CEFBCC /* InterestingPlaceVisitingListModel.swift in Sources */ = {isa = PBXBuildFile; fileRef = D312A14A287739BC00CEFBCC /* InterestingPlaceVisitingListModel.swift */; };
		D31AB89328374A9C009AB9AC /* PlaceManager.swift in Sources */ = {isa = PBXBuildFile; fileRef = D31AB89228374A9C009AB9AC /* PlaceManager.swift */; };
		D31F91B5285CE54600B55DCE /* FirebaseAnalytics in Frameworks */ = {isa = PBXBuildFile; productRef = D31F91B4285CE54600B55DCE /* FirebaseAnalytics */; };
		D31F91B7285CE54600B55DCE /* FirebaseCrashlytics in Frameworks */ = {isa = PBXBuildFile; productRef = D31F91B6285CE54600B55DCE /* FirebaseCrashlytics */; };
		D31F91BA285CE71300B55DCE /* GoogleService-Info-Debug.plist in Resources */ = {isa = PBXBuildFile; fileRef = D31F91B9285CE71300B55DCE /* GoogleService-Info-Debug.plist */; };
		D31F91BE285CE8CE00B55DCE /* Const.swift in Sources */ = {isa = PBXBuildFile; fileRef = D31F91BD285CE8CE00B55DCE /* Const.swift */; };
		D31F91C1285CEA8300B55DCE /* GoogleService-Info-Release.plist in Resources */ = {isa = PBXBuildFile; fileRef = D31F91C0285CEA8300B55DCE /* GoogleService-Info-Release.plist */; };
		D33BFEDE287025CE007C7CA9 /* APIClient.swift in Sources */ = {isa = PBXBuildFile; fileRef = D33BFEDD287025CE007C7CA9 /* APIClient.swift */; };
		D33BFEE328702945007C7CA9 /* PlacesTarget.swift in Sources */ = {isa = PBXBuildFile; fileRef = D33BFEE228702945007C7CA9 /* PlacesTarget.swift */; };
		D33BFEE628702B5B007C7CA9 /* CombineMoya in Frameworks */ = {isa = PBXBuildFile; productRef = D33BFEE528702B5B007C7CA9 /* CombineMoya */; };
		D33BFEE828702B5B007C7CA9 /* Moya in Frameworks */ = {isa = PBXBuildFile; productRef = D33BFEE728702B5B007C7CA9 /* Moya */; };
		D37544DF286620EC003008D9 /* PickedUpLogAnnotation.swift in Sources */ = {isa = PBXBuildFile; fileRef = D37544DE286620EC003008D9 /* PickedUpLogAnnotation.swift */; };
		D3A9A37B283A4C6F006F3CE6 /* Store.swift in Sources */ = {isa = PBXBuildFile; fileRef = D3A9A37A283A4C6F006F3CE6 /* Store.swift */; };
		D3BFA9342833796D00606CD4 /* PogApp.swift in Sources */ = {isa = PBXBuildFile; fileRef = D3BFA9332833796D00606CD4 /* PogApp.swift */; };
		D3BFA9362833796D00606CD4 /* RootView.swift in Sources */ = {isa = PBXBuildFile; fileRef = D3BFA9352833796D00606CD4 /* RootView.swift */; };
		D3BFA9382833796F00606CD4 /* Assets.xcassets in Resources */ = {isa = PBXBuildFile; fileRef = D3BFA9372833796F00606CD4 /* Assets.xcassets */; };
		D3BFA93B2833796F00606CD4 /* Preview Assets.xcassets in Resources */ = {isa = PBXBuildFile; fileRef = D3BFA93A2833796F00606CD4 /* Preview Assets.xcassets */; };
		D3BFA9452833796F00606CD4 /* PogTests.swift in Sources */ = {isa = PBXBuildFile; fileRef = D3BFA9442833796F00606CD4 /* PogTests.swift */; };
		D3BFA94F2833796F00606CD4 /* PogUITests.swift in Sources */ = {isa = PBXBuildFile; fileRef = D3BFA94E2833796F00606CD4 /* PogUITests.swift */; };
		D3BFA9512833796F00606CD4 /* PogUITestsLaunchTests.swift in Sources */ = {isa = PBXBuildFile; fileRef = D3BFA9502833796F00606CD4 /* PogUITestsLaunchTests.swift */; };
		D3BFA95F28337BBB00606CD4 /* MapView.swift in Sources */ = {isa = PBXBuildFile; fileRef = D3BFA95E28337BBB00606CD4 /* MapView.swift */; };
		D3BFA96228337BC900606CD4 /* MapModel.swift in Sources */ = {isa = PBXBuildFile; fileRef = D3BFA96128337BC900606CD4 /* MapModel.swift */; };
		D3BFA96528337C5700606CD4 /* LocationManager.swift in Sources */ = {isa = PBXBuildFile; fileRef = D3BFA96428337C5700606CD4 /* LocationManager.swift */; };
		D3BFA9702833965F00606CD4 /* Place.swift in Sources */ = {isa = PBXBuildFile; fileRef = D3BFA96F2833965F00606CD4 /* Place.swift */; };
		D3BFA973283397ED00606CD4 /* SFSafeSymbols in Frameworks */ = {isa = PBXBuildFile; productRef = D3BFA972283397ED00606CD4 /* SFSafeSymbols */; };
		D3BFA9852833B95600606CD4 /* PlaceLogPage.swift in Sources */ = {isa = PBXBuildFile; fileRef = D3BFA9842833B95600606CD4 /* PlaceLogPage.swift */; };
		D3BFA98A2833C48F00606CD4 /* Color+Ex.swift in Sources */ = {isa = PBXBuildFile; fileRef = D3BFA9892833C48F00606CD4 /* Color+Ex.swift */; };
		D3BFA9922833CD2300606CD4 /* SearchPlacePage.swift in Sources */ = {isa = PBXBuildFile; fileRef = D3BFA9912833CD2300606CD4 /* SearchPlacePage.swift */; };
		D3BFA9992833CEBF00606CD4 /* PartialSheet in Frameworks */ = {isa = PBXBuildFile; productRef = D3BFA9982833CEBF00606CD4 /* PartialSheet */; };
		D3BFA99B2833D92800606CD4 /* SearchPlaceModel.swift in Sources */ = {isa = PBXBuildFile; fileRef = D3BFA99A2833D92800606CD4 /* SearchPlaceModel.swift */; };
		D3C4627F2871A1020005C1B4 /* PlaceSearchResponse.swift in Sources */ = {isa = PBXBuildFile; fileRef = D3C4627E2871A1020005C1B4 /* PlaceSearchResponse.swift */; };
		D3C462812871A84B0005C1B4 /* SearchConfiguration.swift in Sources */ = {isa = PBXBuildFile; fileRef = D3C462802871A84B0005C1B4 /* SearchConfiguration.swift */; };
		D3CA087D28688C0C006147BB /* SettingsPage.swift in Sources */ = {isa = PBXBuildFile; fileRef = D3CA087B28688C0C006147BB /* SettingsPage.swift */; };
		D3CA087E28688C0C006147BB /* WalkthroughPage.swift in Sources */ = {isa = PBXBuildFile; fileRef = D3CA087C28688C0C006147BB /* WalkthroughPage.swift */; };
		D3CA088028688CA9006147BB /* LocationManager+Env.swift in Sources */ = {isa = PBXBuildFile; fileRef = D3CA087F28688CA9006147BB /* LocationManager+Env.swift */; };
		D3CA088228688D56006147BB /* PlaceManager+Env.swift in Sources */ = {isa = PBXBuildFile; fileRef = D3CA088128688D56006147BB /* PlaceManager+Env.swift */; };
		D3CA088828689FD4006147BB /* Pog.xcdatamodeld in Sources */ = {isa = PBXBuildFile; fileRef = D3CA088328689FD4006147BB /* Pog.xcdatamodeld */; };
		D3E0AACA28408CC300597C1A /* PlaceLogModel.swift in Sources */ = {isa = PBXBuildFile; fileRef = D3E0AAC928408CC300597C1A /* PlaceLogModel.swift */; };
		D3E0AACC2840957800597C1A /* MapViewRepresentable.swift in Sources */ = {isa = PBXBuildFile; fileRef = D3E0AACB2840957800597C1A /* MapViewRepresentable.swift */; };
		D3E0AACE2840AB7D00597C1A /* CLLocationCoordinate2D.swift in Sources */ = {isa = PBXBuildFile; fileRef = D3E0AACD2840AB7D00597C1A /* CLLocationCoordinate2D.swift */; };
		D3E0AAD02840B3B200597C1A /* Date+Ex.swift in Sources */ = {isa = PBXBuildFile; fileRef = D3E0AACF2840B3B200597C1A /* Date+Ex.swift */; };
		D3E0B1D0287EFF800094AB49 /* EditInterestingPlaceVisitingLogView.swift in Sources */ = {isa = PBXBuildFile; fileRef = D3E0B1CF287EFF800094AB49 /* EditInterestingPlaceVisitingLogView.swift */; };
		D3E0B1D3287F06230094AB49 /* Binding+Extensions.swift in Sources */ = {isa = PBXBuildFile; fileRef = D3E0B1D2287F06230094AB49 /* Binding+Extensions.swift */; };
		D3E5111D2871EBB300FDC330 /* Secret.swift in Sources */ = {isa = PBXBuildFile; fileRef = D3E5111C2871EBB300FDC330 /* Secret.swift */; };
		D3E5111F2871EC0B00FDC330 /* SecretSample.swift in Sources */ = {isa = PBXBuildFile; fileRef = D3E5111E2871EC0B00FDC330 /* SecretSample.swift */; };
		D3F794BF2865ED2800B84905 /* Store+Env.swift in Sources */ = {isa = PBXBuildFile; fileRef = D3F794BE2865ED2800B84905 /* Store+Env.swift */; };
/* End PBXBuildFile section */

/* Begin PBXContainerItemProxy section */
		D3BFA9412833796F00606CD4 /* PBXContainerItemProxy */ = {
			isa = PBXContainerItemProxy;
			containerPortal = D3BFA9282833796D00606CD4 /* Project object */;
			proxyType = 1;
			remoteGlobalIDString = D3BFA92F2833796D00606CD4;
			remoteInfo = Pog;
		};
		D3BFA94B2833796F00606CD4 /* PBXContainerItemProxy */ = {
			isa = PBXContainerItemProxy;
			containerPortal = D3BFA9282833796D00606CD4 /* Project object */;
			proxyType = 1;
			remoteGlobalIDString = D3BFA92F2833796D00606CD4;
			remoteInfo = Pog;
		};
/* End PBXContainerItemProxy section */

/* Begin PBXFileReference section */
		D306F918286EFA21006293E9 /* Pog 5.xcdatamodel */ = {isa = PBXFileReference; lastKnownFileType = wrapper.xcdatamodel; path = "Pog 5.xcdatamodel"; sourceTree = "<group>"; };
		D306F926286EFC03006293E9 /* LocationSettings+CoreDataClass.swift */ = {isa = PBXFileReference; fileEncoding = 4; lastKnownFileType = sourcecode.swift; path = "LocationSettings+CoreDataClass.swift"; sourceTree = "<group>"; };
		D306F92A286EFC03006293E9 /* InterestingPlace+CoreDataClass.swift */ = {isa = PBXFileReference; fileEncoding = 4; lastKnownFileType = sourcecode.swift; path = "InterestingPlace+CoreDataClass.swift"; sourceTree = "<group>"; };
		D306F92B286EFC03006293E9 /* PlaceLog+CoreDataClass.swift */ = {isa = PBXFileReference; fileEncoding = 4; lastKnownFileType = sourcecode.swift; path = "PlaceLog+CoreDataClass.swift"; sourceTree = "<group>"; };
		D306F93F286F188C006293E9 /* InterestingPlace+CoreDataProperties.swift */ = {isa = PBXFileReference; lastKnownFileType = sourcecode.swift; path = "InterestingPlace+CoreDataProperties.swift"; sourceTree = "<group>"; };
		D306F940286F188C006293E9 /* LocationSettings+CoreDataProperties.swift */ = {isa = PBXFileReference; lastKnownFileType = sourcecode.swift; path = "LocationSettings+CoreDataProperties.swift"; sourceTree = "<group>"; };
		D306F941286F188C006293E9 /* PlaceLog+CoreDataProperties.swift */ = {isa = PBXFileReference; lastKnownFileType = sourcecode.swift; path = "PlaceLog+CoreDataProperties.swift"; sourceTree = "<group>"; };
		D306F945286F2022006293E9 /* SettingsModel.swift */ = {isa = PBXFileReference; lastKnownFileType = sourcecode.swift; path = SettingsModel.swift; sourceTree = "<group>"; };
		D312A143287738BD00CEFBCC /* Pog 7.xcdatamodel */ = {isa = PBXFileReference; lastKnownFileType = wrapper.xcdatamodel; path = "Pog 7.xcdatamodel"; sourceTree = "<group>"; };
		D312A1442877392400CEFBCC /* InterestingPlaceVisitingLog+CoreDataClass.swift */ = {isa = PBXFileReference; lastKnownFileType = sourcecode.swift; path = "InterestingPlaceVisitingLog+CoreDataClass.swift"; sourceTree = "<group>"; };
		D312A1452877392400CEFBCC /* InterestingPlaceVisitingLog+CoreDataProperties.swift */ = {isa = PBXFileReference; lastKnownFileType = sourcecode.swift; path = "InterestingPlaceVisitingLog+CoreDataProperties.swift"; sourceTree = "<group>"; };
		D312A1482877399A00CEFBCC /* InterestingPlaceVisitingListView.swift */ = {isa = PBXFileReference; lastKnownFileType = sourcecode.swift; path = InterestingPlaceVisitingListView.swift; sourceTree = "<group>"; };
		D312A14A287739BC00CEFBCC /* InterestingPlaceVisitingListModel.swift */ = {isa = PBXFileReference; lastKnownFileType = sourcecode.swift; path = InterestingPlaceVisitingListModel.swift; sourceTree = "<group>"; };
		D31AB89228374A9C009AB9AC /* PlaceManager.swift */ = {isa = PBXFileReference; lastKnownFileType = sourcecode.swift; path = PlaceManager.swift; sourceTree = "<group>"; };
		D31F91B9285CE71300B55DCE /* GoogleService-Info-Debug.plist */ = {isa = PBXFileReference; fileEncoding = 4; lastKnownFileType = text.plist.xml; path = "GoogleService-Info-Debug.plist"; sourceTree = "<group>"; };
		D31F91BD285CE8CE00B55DCE /* Const.swift */ = {isa = PBXFileReference; lastKnownFileType = sourcecode.swift; path = Const.swift; sourceTree = "<group>"; };
		D31F91C0285CEA8300B55DCE /* GoogleService-Info-Release.plist */ = {isa = PBXFileReference; fileEncoding = 4; lastKnownFileType = text.plist.xml; path = "GoogleService-Info-Release.plist"; sourceTree = "<group>"; };
		D33BFEDD287025CE007C7CA9 /* APIClient.swift */ = {isa = PBXFileReference; lastKnownFileType = sourcecode.swift; path = APIClient.swift; sourceTree = "<group>"; };
		D33BFEE128702905007C7CA9 /* Moya */ = {isa = PBXFileReference; lastKnownFileType = wrapper; name = Moya; path = ../Packages/Moya; sourceTree = "<group>"; };
		D33BFEE228702945007C7CA9 /* PlacesTarget.swift */ = {isa = PBXFileReference; lastKnownFileType = sourcecode.swift; path = PlacesTarget.swift; sourceTree = "<group>"; };
		D37544DE286620EC003008D9 /* PickedUpLogAnnotation.swift */ = {isa = PBXFileReference; lastKnownFileType = sourcecode.swift; path = PickedUpLogAnnotation.swift; sourceTree = "<group>"; };
		D3A9A37A283A4C6F006F3CE6 /* Store.swift */ = {isa = PBXFileReference; fileEncoding = 4; lastKnownFileType = sourcecode.swift; path = Store.swift; sourceTree = "<group>"; };
		D3BFA9302833796D00606CD4 /* D_Pog.app */ = {isa = PBXFileReference; explicitFileType = wrapper.application; includeInIndex = 0; path = D_Pog.app; sourceTree = BUILT_PRODUCTS_DIR; };
		D3BFA9332833796D00606CD4 /* PogApp.swift */ = {isa = PBXFileReference; lastKnownFileType = sourcecode.swift; path = PogApp.swift; sourceTree = "<group>"; };
		D3BFA9352833796D00606CD4 /* RootView.swift */ = {isa = PBXFileReference; lastKnownFileType = sourcecode.swift; path = RootView.swift; sourceTree = "<group>"; };
		D3BFA9372833796F00606CD4 /* Assets.xcassets */ = {isa = PBXFileReference; lastKnownFileType = folder.assetcatalog; path = Assets.xcassets; sourceTree = "<group>"; };
		D3BFA93A2833796F00606CD4 /* Preview Assets.xcassets */ = {isa = PBXFileReference; lastKnownFileType = folder.assetcatalog; path = "Preview Assets.xcassets"; sourceTree = "<group>"; };
		D3BFA9402833796F00606CD4 /* PogTests.xctest */ = {isa = PBXFileReference; explicitFileType = wrapper.cfbundle; includeInIndex = 0; path = PogTests.xctest; sourceTree = BUILT_PRODUCTS_DIR; };
		D3BFA9442833796F00606CD4 /* PogTests.swift */ = {isa = PBXFileReference; lastKnownFileType = sourcecode.swift; path = PogTests.swift; sourceTree = "<group>"; };
		D3BFA94A2833796F00606CD4 /* PogUITests.xctest */ = {isa = PBXFileReference; explicitFileType = wrapper.cfbundle; includeInIndex = 0; path = PogUITests.xctest; sourceTree = BUILT_PRODUCTS_DIR; };
		D3BFA94E2833796F00606CD4 /* PogUITests.swift */ = {isa = PBXFileReference; lastKnownFileType = sourcecode.swift; path = PogUITests.swift; sourceTree = "<group>"; };
		D3BFA9502833796F00606CD4 /* PogUITestsLaunchTests.swift */ = {isa = PBXFileReference; lastKnownFileType = sourcecode.swift; path = PogUITestsLaunchTests.swift; sourceTree = "<group>"; };
		D3BFA95E28337BBB00606CD4 /* MapView.swift */ = {isa = PBXFileReference; lastKnownFileType = sourcecode.swift; path = MapView.swift; sourceTree = "<group>"; };
		D3BFA96128337BC900606CD4 /* MapModel.swift */ = {isa = PBXFileReference; lastKnownFileType = sourcecode.swift; path = MapModel.swift; sourceTree = "<group>"; };
		D3BFA96428337C5700606CD4 /* LocationManager.swift */ = {isa = PBXFileReference; lastKnownFileType = sourcecode.swift; path = LocationManager.swift; sourceTree = "<group>"; };
		D3BFA9662833852B00606CD4 /* Info.plist */ = {isa = PBXFileReference; lastKnownFileType = text.plist; path = Info.plist; sourceTree = "<group>"; };
		D3BFA96F2833965F00606CD4 /* Place.swift */ = {isa = PBXFileReference; lastKnownFileType = sourcecode.swift; path = Place.swift; sourceTree = "<group>"; };
		D3BFA9842833B95600606CD4 /* PlaceLogPage.swift */ = {isa = PBXFileReference; lastKnownFileType = sourcecode.swift; path = PlaceLogPage.swift; sourceTree = "<group>"; };
		D3BFA9892833C48F00606CD4 /* Color+Ex.swift */ = {isa = PBXFileReference; lastKnownFileType = sourcecode.swift; path = "Color+Ex.swift"; sourceTree = "<group>"; };
		D3BFA9902833CC6700606CD4 /* Pog.entitlements */ = {isa = PBXFileReference; lastKnownFileType = text.plist.entitlements; path = Pog.entitlements; sourceTree = "<group>"; };
		D3BFA9912833CD2300606CD4 /* SearchPlacePage.swift */ = {isa = PBXFileReference; lastKnownFileType = sourcecode.swift; path = SearchPlacePage.swift; sourceTree = "<group>"; };
		D3BFA99A2833D92800606CD4 /* SearchPlaceModel.swift */ = {isa = PBXFileReference; lastKnownFileType = sourcecode.swift; path = SearchPlaceModel.swift; sourceTree = "<group>"; };
		D3C4627E2871A1020005C1B4 /* PlaceSearchResponse.swift */ = {isa = PBXFileReference; lastKnownFileType = sourcecode.swift; path = PlaceSearchResponse.swift; sourceTree = "<group>"; };
		D3C462802871A84B0005C1B4 /* SearchConfiguration.swift */ = {isa = PBXFileReference; lastKnownFileType = sourcecode.swift; path = SearchConfiguration.swift; sourceTree = "<group>"; };
		D3CA087B28688C0C006147BB /* SettingsPage.swift */ = {isa = PBXFileReference; fileEncoding = 4; lastKnownFileType = sourcecode.swift; path = SettingsPage.swift; sourceTree = "<group>"; };
		D3CA087C28688C0C006147BB /* WalkthroughPage.swift */ = {isa = PBXFileReference; fileEncoding = 4; lastKnownFileType = sourcecode.swift; path = WalkthroughPage.swift; sourceTree = "<group>"; };
		D3CA087F28688CA9006147BB /* LocationManager+Env.swift */ = {isa = PBXFileReference; lastKnownFileType = sourcecode.swift; path = "LocationManager+Env.swift"; sourceTree = "<group>"; };
		D3CA088128688D56006147BB /* PlaceManager+Env.swift */ = {isa = PBXFileReference; lastKnownFileType = sourcecode.swift; path = "PlaceManager+Env.swift"; sourceTree = "<group>"; };
		D3CA088428689FD4006147BB /* Pog 3.xcdatamodel */ = {isa = PBXFileReference; lastKnownFileType = wrapper.xcdatamodel; path = "Pog 3.xcdatamodel"; sourceTree = "<group>"; };
		D3CA088528689FD4006147BB /* Pog.xcdatamodel */ = {isa = PBXFileReference; lastKnownFileType = wrapper.xcdatamodel; path = Pog.xcdatamodel; sourceTree = "<group>"; };
		D3CA088628689FD4006147BB /* Pog 2.xcdatamodel */ = {isa = PBXFileReference; lastKnownFileType = wrapper.xcdatamodel; path = "Pog 2.xcdatamodel"; sourceTree = "<group>"; };
		D3CA088728689FD4006147BB /* Pog 4.xcdatamodel */ = {isa = PBXFileReference; lastKnownFileType = wrapper.xcdatamodel; path = "Pog 4.xcdatamodel"; sourceTree = "<group>"; };
		D3E0AAC928408CC300597C1A /* PlaceLogModel.swift */ = {isa = PBXFileReference; lastKnownFileType = sourcecode.swift; path = PlaceLogModel.swift; sourceTree = "<group>"; };
		D3E0AACB2840957800597C1A /* MapViewRepresentable.swift */ = {isa = PBXFileReference; lastKnownFileType = sourcecode.swift; path = MapViewRepresentable.swift; sourceTree = "<group>"; };
		D3E0AACD2840AB7D00597C1A /* CLLocationCoordinate2D.swift */ = {isa = PBXFileReference; lastKnownFileType = sourcecode.swift; path = CLLocationCoordinate2D.swift; sourceTree = "<group>"; };
		D3E0AACF2840B3B200597C1A /* Date+Ex.swift */ = {isa = PBXFileReference; lastKnownFileType = sourcecode.swift; path = "Date+Ex.swift"; sourceTree = "<group>"; };
		D3E0B1CF287EFF800094AB49 /* EditInterestingPlaceVisitingLogView.swift */ = {isa = PBXFileReference; lastKnownFileType = sourcecode.swift; path = EditInterestingPlaceVisitingLogView.swift; sourceTree = "<group>"; };
		D3E0B1D2287F06230094AB49 /* Binding+Extensions.swift */ = {isa = PBXFileReference; lastKnownFileType = sourcecode.swift; path = "Binding+Extensions.swift"; sourceTree = "<group>"; };
		D3E0B1D4287F09F60094AB49 /* Pog 8.xcdatamodel */ = {isa = PBXFileReference; lastKnownFileType = wrapper.xcdatamodel; path = "Pog 8.xcdatamodel"; sourceTree = "<group>"; };
		D3E5111C2871EBB300FDC330 /* Secret.swift */ = {isa = PBXFileReference; lastKnownFileType = sourcecode.swift; path = Secret.swift; sourceTree = "<group>"; };
		D3E5111E2871EC0B00FDC330 /* SecretSample.swift */ = {isa = PBXFileReference; lastKnownFileType = sourcecode.swift; path = SecretSample.swift; sourceTree = "<group>"; };
		D3F794BE2865ED2800B84905 /* Store+Env.swift */ = {isa = PBXFileReference; lastKnownFileType = sourcecode.swift; path = "Store+Env.swift"; sourceTree = "<group>"; };
		D3FD2EA228717C630014ECC2 /* Pog 6.xcdatamodel */ = {isa = PBXFileReference; lastKnownFileType = wrapper.xcdatamodel; path = "Pog 6.xcdatamodel"; sourceTree = "<group>"; };
/* End PBXFileReference section */

/* Begin PBXFrameworksBuildPhase section */
		D3BFA92D2833796D00606CD4 /* Frameworks */ = {
			isa = PBXFrameworksBuildPhase;
			buildActionMask = 2147483647;
			files = (
				D3BFA9992833CEBF00606CD4 /* PartialSheet in Frameworks */,
				D31F91B7285CE54600B55DCE /* FirebaseCrashlytics in Frameworks */,
				D33BFEE828702B5B007C7CA9 /* Moya in Frameworks */,
				D3BFA973283397ED00606CD4 /* SFSafeSymbols in Frameworks */,
				D33BFEE628702B5B007C7CA9 /* CombineMoya in Frameworks */,
				D31F91B5285CE54600B55DCE /* FirebaseAnalytics in Frameworks */,
			);
			runOnlyForDeploymentPostprocessing = 0;
		};
		D3BFA93D2833796F00606CD4 /* Frameworks */ = {
			isa = PBXFrameworksBuildPhase;
			buildActionMask = 2147483647;
			files = (
			);
			runOnlyForDeploymentPostprocessing = 0;
		};
		D3BFA9472833796F00606CD4 /* Frameworks */ = {
			isa = PBXFrameworksBuildPhase;
			buildActionMask = 2147483647;
			files = (
			);
			runOnlyForDeploymentPostprocessing = 0;
		};
/* End PBXFrameworksBuildPhase section */

/* Begin PBXGroup section */
		D306F925286EFC03006293E9 /* Generated */ = {
			isa = PBXGroup;
			children = (
				D306F92A286EFC03006293E9 /* InterestingPlace+CoreDataClass.swift */,
				D306F93F286F188C006293E9 /* InterestingPlace+CoreDataProperties.swift */,
				D312A1442877392400CEFBCC /* InterestingPlaceVisitingLog+CoreDataClass.swift */,
				D312A1452877392400CEFBCC /* InterestingPlaceVisitingLog+CoreDataProperties.swift */,
				D306F926286EFC03006293E9 /* LocationSettings+CoreDataClass.swift */,
				D306F940286F188C006293E9 /* LocationSettings+CoreDataProperties.swift */,
				D306F92B286EFC03006293E9 /* PlaceLog+CoreDataClass.swift */,
				D306F941286F188C006293E9 /* PlaceLog+CoreDataProperties.swift */,
			);
			path = Generated;
			sourceTree = "<group>";
		};
		D33BFEDC287025B8007C7CA9 /* Networking */ = {
			isa = PBXGroup;
			children = (
				D3C4627D2871A0F50005C1B4 /* Reposnses */,
				D33BFEDD287025CE007C7CA9 /* APIClient.swift */,
				D33BFEE228702945007C7CA9 /* PlacesTarget.swift */,
			);
			path = Networking;
			sourceTree = "<group>";
		};
		D33BFEE028702905007C7CA9 /* Packages */ = {
			isa = PBXGroup;
			children = (
				D33BFEE128702905007C7CA9 /* Moya */,
			);
			name = Packages;
			sourceTree = "<group>";
		};
		D33BFEE428702B5B007C7CA9 /* Frameworks */ = {
			isa = PBXGroup;
			children = (
			);
			name = Frameworks;
			sourceTree = "<group>";
		};
		D3A9A37C283A4C74006F3CE6 /* Store */ = {
			isa = PBXGroup;
			children = (
				D3A9A37A283A4C6F006F3CE6 /* Store.swift */,
			);
			path = Store;
			sourceTree = "<group>";
		};
		D3BFA9272833796D00606CD4 = {
			isa = PBXGroup;
			children = (
				D33BFEE028702905007C7CA9 /* Packages */,
				D3BFA9322833796D00606CD4 /* Pog */,
				D3BFA9432833796F00606CD4 /* PogTests */,
				D3BFA94D2833796F00606CD4 /* PogUITests */,
				D3BFA9312833796D00606CD4 /* Products */,
				D33BFEE428702B5B007C7CA9 /* Frameworks */,
			);
			sourceTree = "<group>";
		};
		D3BFA9312833796D00606CD4 /* Products */ = {
			isa = PBXGroup;
			children = (
				D3BFA9302833796D00606CD4 /* D_Pog.app */,
				D3BFA9402833796F00606CD4 /* PogTests.xctest */,
				D3BFA94A2833796F00606CD4 /* PogUITests.xctest */,
			);
			name = Products;
			sourceTree = "<group>";
		};
		D3BFA9322833796D00606CD4 /* Pog */ = {
			isa = PBXGroup;
			children = (
				D3BFA9902833CC6700606CD4 /* Pog.entitlements */,
				D31F91B9285CE71300B55DCE /* GoogleService-Info-Debug.plist */,
				D31F91C0285CEA8300B55DCE /* GoogleService-Info-Release.plist */,
				D3BFA9662833852B00606CD4 /* Info.plist */,
				D3BFA9332833796D00606CD4 /* PogApp.swift */,
				D3BFA9372833796F00606CD4 /* Assets.xcassets */,
				D3BFA96E2833965900606CD4 /* Data */,
				D3F794BD2865ED2000B84905 /* Env */,
				D3E0B1D1287F06160094AB49 /* Extensions */,
				D3BFA96328337C4D00606CD4 /* Manager */,
				D3BFA96028337BC100606CD4 /* Models */,
				D33BFEDC287025B8007C7CA9 /* Networking */,
				D3BFA95D28337B0700606CD4 /* Pages */,
				D3CA088328689FD4006147BB /* Pog.xcdatamodeld */,
				D3BFA9392833796F00606CD4 /* Preview Content */,
				D3A9A37C283A4C74006F3CE6 /* Store */,
				D3BFA9882833C47B00606CD4 /* Utils */,
			);
			path = Pog;
			sourceTree = "<group>";
		};
		D3BFA9392833796F00606CD4 /* Preview Content */ = {
			isa = PBXGroup;
			children = (
				D3BFA93A2833796F00606CD4 /* Preview Assets.xcassets */,
			);
			path = "Preview Content";
			sourceTree = "<group>";
		};
		D3BFA9432833796F00606CD4 /* PogTests */ = {
			isa = PBXGroup;
			children = (
				D3BFA9442833796F00606CD4 /* PogTests.swift */,
			);
			path = PogTests;
			sourceTree = "<group>";
		};
		D3BFA94D2833796F00606CD4 /* PogUITests */ = {
			isa = PBXGroup;
			children = (
				D3BFA94E2833796F00606CD4 /* PogUITests.swift */,
				D3BFA9502833796F00606CD4 /* PogUITestsLaunchTests.swift */,
			);
			path = PogUITests;
			sourceTree = "<group>";
		};
		D3BFA95D28337B0700606CD4 /* Pages */ = {
			isa = PBXGroup;
			children = (
				D3E0B1CF287EFF800094AB49 /* EditInterestingPlaceVisitingLogView.swift */,
				D312A1482877399A00CEFBCC /* InterestingPlaceVisitingListView.swift */,
				D3BFA95E28337BBB00606CD4 /* MapView.swift */,
				D3E0AACB2840957800597C1A /* MapViewRepresentable.swift */,
				D3BFA9842833B95600606CD4 /* PlaceLogPage.swift */,
				D3BFA9352833796D00606CD4 /* RootView.swift */,
				D3BFA9912833CD2300606CD4 /* SearchPlacePage.swift */,
				D3CA087B28688C0C006147BB /* SettingsPage.swift */,
				D3CA087C28688C0C006147BB /* WalkthroughPage.swift */,
			);
			path = Pages;
			sourceTree = "<group>";
		};
		D3BFA96028337BC100606CD4 /* Models */ = {
			isa = PBXGroup;
			children = (
				D3BFA96128337BC900606CD4 /* MapModel.swift */,
				D3BFA99A2833D92800606CD4 /* SearchPlaceModel.swift */,
				D3E0AAC928408CC300597C1A /* PlaceLogModel.swift */,
				D37544DE286620EC003008D9 /* PickedUpLogAnnotation.swift */,
				D306F945286F2022006293E9 /* SettingsModel.swift */,
				D312A14A287739BC00CEFBCC /* InterestingPlaceVisitingListModel.swift */,
			);
			path = Models;
			sourceTree = "<group>";
		};
		D3BFA96328337C4D00606CD4 /* Manager */ = {
			isa = PBXGroup;
			children = (
				D3BFA96428337C5700606CD4 /* LocationManager.swift */,
				D31AB89228374A9C009AB9AC /* PlaceManager.swift */,
			);
			path = Manager;
			sourceTree = "<group>";
		};
		D3BFA96E2833965900606CD4 /* Data */ = {
			isa = PBXGroup;
			children = (
				D306F925286EFC03006293E9 /* Generated */,
				D3BFA96F2833965F00606CD4 /* Place.swift */,
				D3C462802871A84B0005C1B4 /* SearchConfiguration.swift */,
			);
			path = Data;
			sourceTree = "<group>";
		};
		D3BFA9882833C47B00606CD4 /* Utils */ = {
			isa = PBXGroup;
			children = (
				D3BFA9892833C48F00606CD4 /* Color+Ex.swift */,
				D3E0AACD2840AB7D00597C1A /* CLLocationCoordinate2D.swift */,
				D3E0AACF2840B3B200597C1A /* Date+Ex.swift */,
			);
			path = Utils;
			sourceTree = "<group>";
		};
		D3C4627D2871A0F50005C1B4 /* Reposnses */ = {
			isa = PBXGroup;
			children = (
				D3C4627E2871A1020005C1B4 /* PlaceSearchResponse.swift */,
			);
			path = Reposnses;
			sourceTree = "<group>";
		};
		D3E0B1D1287F06160094AB49 /* Extensions */ = {
			isa = PBXGroup;
			children = (
				D3E0B1D2287F06230094AB49 /* Binding+Extensions.swift */,
			);
			path = Extensions;
			sourceTree = "<group>";
		};
		D3F794BD2865ED2000B84905 /* Env */ = {
			isa = PBXGroup;
			children = (
				D31F91BD285CE8CE00B55DCE /* Const.swift */,
				D3F794BE2865ED2800B84905 /* Store+Env.swift */,
				D3CA087F28688CA9006147BB /* LocationManager+Env.swift */,
				D3CA088128688D56006147BB /* PlaceManager+Env.swift */,
				D3E5111C2871EBB300FDC330 /* Secret.swift */,
				D3E5111E2871EC0B00FDC330 /* SecretSample.swift */,
			);
			path = Env;
			sourceTree = "<group>";
		};
/* End PBXGroup section */

/* Begin PBXNativeTarget section */
		D3BFA92F2833796D00606CD4 /* Pog */ = {
			isa = PBXNativeTarget;
			buildConfigurationList = D3BFA9542833796F00606CD4 /* Build configuration list for PBXNativeTarget "Pog" */;
			buildPhases = (
				D3BFA92C2833796D00606CD4 /* Sources */,
				D3BFA92D2833796D00606CD4 /* Frameworks */,
				D3BFA92E2833796D00606CD4 /* Resources */,
				D31F91BF285CEA0900B55DCE /* Replace GoogleService-Info.plist */,
				D31F91B8285CE54D00B55DCE /* Crashlytics */,
			);
			buildRules = (
			);
			dependencies = (
			);
			name = Pog;
			packageProductDependencies = (
				D3BFA972283397ED00606CD4 /* SFSafeSymbols */,
				D3BFA9982833CEBF00606CD4 /* PartialSheet */,
				D31F91B4285CE54600B55DCE /* FirebaseAnalytics */,
				D31F91B6285CE54600B55DCE /* FirebaseCrashlytics */,
				D33BFEE528702B5B007C7CA9 /* CombineMoya */,
				D33BFEE728702B5B007C7CA9 /* Moya */,
			);
			productName = Pog;
			productReference = D3BFA9302833796D00606CD4 /* D_Pog.app */;
			productType = "com.apple.product-type.application";
		};
		D3BFA93F2833796F00606CD4 /* PogTests */ = {
			isa = PBXNativeTarget;
			buildConfigurationList = D3BFA9572833796F00606CD4 /* Build configuration list for PBXNativeTarget "PogTests" */;
			buildPhases = (
				D3BFA93C2833796F00606CD4 /* Sources */,
				D3BFA93D2833796F00606CD4 /* Frameworks */,
				D3BFA93E2833796F00606CD4 /* Resources */,
			);
			buildRules = (
			);
			dependencies = (
				D3BFA9422833796F00606CD4 /* PBXTargetDependency */,
			);
			name = PogTests;
			productName = PogTests;
			productReference = D3BFA9402833796F00606CD4 /* PogTests.xctest */;
			productType = "com.apple.product-type.bundle.unit-test";
		};
		D3BFA9492833796F00606CD4 /* PogUITests */ = {
			isa = PBXNativeTarget;
			buildConfigurationList = D3BFA95A2833796F00606CD4 /* Build configuration list for PBXNativeTarget "PogUITests" */;
			buildPhases = (
				D3BFA9462833796F00606CD4 /* Sources */,
				D3BFA9472833796F00606CD4 /* Frameworks */,
				D3BFA9482833796F00606CD4 /* Resources */,
			);
			buildRules = (
			);
			dependencies = (
				D3BFA94C2833796F00606CD4 /* PBXTargetDependency */,
			);
			name = PogUITests;
			productName = PogUITests;
			productReference = D3BFA94A2833796F00606CD4 /* PogUITests.xctest */;
			productType = "com.apple.product-type.bundle.ui-testing";
		};
/* End PBXNativeTarget section */

/* Begin PBXProject section */
		D3BFA9282833796D00606CD4 /* Project object */ = {
			isa = PBXProject;
			attributes = {
				BuildIndependentTargetsInParallel = 1;
				LastSwiftUpdateCheck = 1340;
				LastUpgradeCheck = 1400;
				TargetAttributes = {
					D3BFA92F2833796D00606CD4 = {
						CreatedOnToolsVersion = 13.4;
					};
					D3BFA93F2833796F00606CD4 = {
						CreatedOnToolsVersion = 13.4;
						TestTargetID = D3BFA92F2833796D00606CD4;
					};
					D3BFA9492833796F00606CD4 = {
						CreatedOnToolsVersion = 13.4;
						TestTargetID = D3BFA92F2833796D00606CD4;
					};
				};
			};
			buildConfigurationList = D3BFA92B2833796D00606CD4 /* Build configuration list for PBXProject "Pog" */;
			compatibilityVersion = "Xcode 13.0";
			developmentRegion = ja;
			hasScannedForEncodings = 0;
			knownRegions = (
				en,
				Base,
				ja,
			);
			mainGroup = D3BFA9272833796D00606CD4;
			packageReferences = (
				D3BFA971283397ED00606CD4 /* XCRemoteSwiftPackageReference "SFSafeSymbols" */,
				D3BFA9972833CEBF00606CD4 /* XCRemoteSwiftPackageReference "PartialSheet" */,
				D3E0AAC628408B8500597C1A /* XCRemoteSwiftPackageReference "swiftui-mapview" */,
				D31F91B3285CE54600B55DCE /* XCRemoteSwiftPackageReference "firebase-ios-sdk" */,
			);
			productRefGroup = D3BFA9312833796D00606CD4 /* Products */;
			projectDirPath = "";
			projectRoot = "";
			targets = (
				D3BFA92F2833796D00606CD4 /* Pog */,
				D3BFA93F2833796F00606CD4 /* PogTests */,
				D3BFA9492833796F00606CD4 /* PogUITests */,
			);
		};
/* End PBXProject section */

/* Begin PBXResourcesBuildPhase section */
		D3BFA92E2833796D00606CD4 /* Resources */ = {
			isa = PBXResourcesBuildPhase;
			buildActionMask = 2147483647;
			files = (
				D3BFA93B2833796F00606CD4 /* Preview Assets.xcassets in Resources */,
				D31F91BA285CE71300B55DCE /* GoogleService-Info-Debug.plist in Resources */,
				D3BFA9382833796F00606CD4 /* Assets.xcassets in Resources */,
				D31F91C1285CEA8300B55DCE /* GoogleService-Info-Release.plist in Resources */,
			);
			runOnlyForDeploymentPostprocessing = 0;
		};
		D3BFA93E2833796F00606CD4 /* Resources */ = {
			isa = PBXResourcesBuildPhase;
			buildActionMask = 2147483647;
			files = (
			);
			runOnlyForDeploymentPostprocessing = 0;
		};
		D3BFA9482833796F00606CD4 /* Resources */ = {
			isa = PBXResourcesBuildPhase;
			buildActionMask = 2147483647;
			files = (
			);
			runOnlyForDeploymentPostprocessing = 0;
		};
/* End PBXResourcesBuildPhase section */

/* Begin PBXShellScriptBuildPhase section */
		D31F91B8285CE54D00B55DCE /* Crashlytics */ = {
			isa = PBXShellScriptBuildPhase;
			alwaysOutOfDate = 1;
			buildActionMask = 2147483647;
			files = (
			);
			inputFileListPaths = (
			);
			inputPaths = (
				"${DWARF_DSYM_FOLDER_PATH}/${DWARF_DSYM_FILE_NAME}/Contents/Resources/DWARF/${TARGET_NAME}",
				"$(SRCROOT)/$(BUILT_PRODUCTS_DIR)/$(INFOPLIST_PATH)",
			);
			name = Crashlytics;
			outputFileListPaths = (
			);
			outputPaths = (
			);
			runOnlyForDeploymentPostprocessing = 0;
			shellPath = /bin/sh;
			shellScript = "# Type a script or drag a script file from your workspace to insert its path.\n${BUILD_DIR%Build/*}SourcePackages/checkouts/firebase-ios-sdk/Crashlytics/run\n";
		};
		D31F91BF285CEA0900B55DCE /* Replace GoogleService-Info.plist */ = {
			isa = PBXShellScriptBuildPhase;
			alwaysOutOfDate = 1;
			buildActionMask = 2147483647;
			files = (
			);
			inputFileListPaths = (
			);
			inputPaths = (
			);
			name = "Replace GoogleService-Info.plist";
			outputFileListPaths = (
			);
			outputPaths = (
			);
			runOnlyForDeploymentPostprocessing = 0;
			shellPath = /bin/sh;
			shellScript = "# Type a script or drag a script file from your workspace to insert its path.\nif [ \"${CONFIGURATION}\" == \"Release\" ]\nthen\n    cp \"${PROJECT_DIR}/${PROJECT_NAME}//GoogleService-Info-Release.plist\" \"${BUILT_PRODUCTS_DIR}/${PRODUCT_NAME}.app/GoogleService-Info.plist\"\nelse\n    cp \"${PROJECT_DIR}/${PROJECT_NAME}/GoogleService-Info-Debug.plist\" \"${BUILT_PRODUCTS_DIR}/${PRODUCT_NAME}.app/GoogleService-Info.plist\"\nfi\n";
		};
/* End PBXShellScriptBuildPhase section */

/* Begin PBXSourcesBuildPhase section */
		D3BFA92C2833796D00606CD4 /* Sources */ = {
			isa = PBXSourcesBuildPhase;
			buildActionMask = 2147483647;
			files = (
				D306F936286F0A83006293E9 /* InterestingPlace+CoreDataClass.swift in Sources */,
				D306F938286F0A83006293E9 /* LocationSettings+CoreDataClass.swift in Sources */,
				D306F944286F188C006293E9 /* PlaceLog+CoreDataProperties.swift in Sources */,
				D33BFEDE287025CE007C7CA9 /* APIClient.swift in Sources */,
				D3E0AACA28408CC300597C1A /* PlaceLogModel.swift in Sources */,
				D3CA087E28688C0C006147BB /* WalkthroughPage.swift in Sources */,
				D3F794BF2865ED2800B84905 /* Store+Env.swift in Sources */,
				D3BFA96228337BC900606CD4 /* MapModel.swift in Sources */,
				D306F943286F188C006293E9 /* LocationSettings+CoreDataProperties.swift in Sources */,
				D3BFA9852833B95600606CD4 /* PlaceLogPage.swift in Sources */,
				D31AB89328374A9C009AB9AC /* PlaceManager.swift in Sources */,
				D3E0B1D0287EFF800094AB49 /* EditInterestingPlaceVisitingLogView.swift in Sources */,
				D37544DF286620EC003008D9 /* PickedUpLogAnnotation.swift in Sources */,
				D306F933286EFC04006293E9 /* PlaceLog+CoreDataClass.swift in Sources */,
				D3BFA9362833796D00606CD4 /* RootView.swift in Sources */,
				D3CA087D28688C0C006147BB /* SettingsPage.swift in Sources */,
				D306F946286F2022006293E9 /* SettingsModel.swift in Sources */,
				D3BFA96528337C5700606CD4 /* LocationManager.swift in Sources */,
				D3E0AAD02840B3B200597C1A /* Date+Ex.swift in Sources */,
				D3BFA95F28337BBB00606CD4 /* MapView.swift in Sources */,
				D33BFEE328702945007C7CA9 /* PlacesTarget.swift in Sources */,
				D3E0AACC2840957800597C1A /* MapViewRepresentable.swift in Sources */,
				D3C462812871A84B0005C1B4 /* SearchConfiguration.swift in Sources */,
				D3CA088028688CA9006147BB /* LocationManager+Env.swift in Sources */,
				D3A9A37B283A4C6F006F3CE6 /* Store.swift in Sources */,
				D3E0AACE2840AB7D00597C1A /* CLLocationCoordinate2D.swift in Sources */,
				D312A1472877392400CEFBCC /* InterestingPlaceVisitingLog+CoreDataProperties.swift in Sources */,
				D3E5111D2871EBB300FDC330 /* Secret.swift in Sources */,
				D312A1462877392400CEFBCC /* InterestingPlaceVisitingLog+CoreDataClass.swift in Sources */,
				D31F91BE285CE8CE00B55DCE /* Const.swift in Sources */,
				D3CA088228688D56006147BB /* PlaceManager+Env.swift in Sources */,
				D312A1492877399A00CEFBCC /* InterestingPlaceVisitingListView.swift in Sources */,
				D3BFA99B2833D92800606CD4 /* SearchPlaceModel.swift in Sources */,
				D3E5111F2871EC0B00FDC330 /* SecretSample.swift in Sources */,
				D3CA088828689FD4006147BB /* Pog.xcdatamodeld in Sources */,
				D3E0B1D3287F06230094AB49 /* Binding+Extensions.swift in Sources */,
				D3C4627F2871A1020005C1B4 /* PlaceSearchResponse.swift in Sources */,
				D3BFA98A2833C48F00606CD4 /* Color+Ex.swift in Sources */,
				D3BFA9702833965F00606CD4 /* Place.swift in Sources */,
				D3BFA9922833CD2300606CD4 /* SearchPlacePage.swift in Sources */,
				D312A14B287739BC00CEFBCC /* InterestingPlaceVisitingListModel.swift in Sources */,
				D306F942286F188C006293E9 /* InterestingPlace+CoreDataProperties.swift in Sources */,
				D3BFA9342833796D00606CD4 /* PogApp.swift in Sources */,
			);
			runOnlyForDeploymentPostprocessing = 0;
		};
		D3BFA93C2833796F00606CD4 /* Sources */ = {
			isa = PBXSourcesBuildPhase;
			buildActionMask = 2147483647;
			files = (
				D3BFA9452833796F00606CD4 /* PogTests.swift in Sources */,
			);
			runOnlyForDeploymentPostprocessing = 0;
		};
		D3BFA9462833796F00606CD4 /* Sources */ = {
			isa = PBXSourcesBuildPhase;
			buildActionMask = 2147483647;
			files = (
				D3BFA94F2833796F00606CD4 /* PogUITests.swift in Sources */,
				D3BFA9512833796F00606CD4 /* PogUITestsLaunchTests.swift in Sources */,
			);
			runOnlyForDeploymentPostprocessing = 0;
		};
/* End PBXSourcesBuildPhase section */

/* Begin PBXTargetDependency section */
		D3BFA9422833796F00606CD4 /* PBXTargetDependency */ = {
			isa = PBXTargetDependency;
			target = D3BFA92F2833796D00606CD4 /* Pog */;
			targetProxy = D3BFA9412833796F00606CD4 /* PBXContainerItemProxy */;
		};
		D3BFA94C2833796F00606CD4 /* PBXTargetDependency */ = {
			isa = PBXTargetDependency;
			target = D3BFA92F2833796D00606CD4 /* Pog */;
			targetProxy = D3BFA94B2833796F00606CD4 /* PBXContainerItemProxy */;
		};
/* End PBXTargetDependency section */

/* Begin XCBuildConfiguration section */
		D3BFA9522833796F00606CD4 /* Debug */ = {
			isa = XCBuildConfiguration;
			buildSettings = {
				ALWAYS_SEARCH_USER_PATHS = NO;
				CLANG_ANALYZER_LOCALIZABILITY_NONLOCALIZED = YES;
				CLANG_ANALYZER_NONNULL = YES;
				CLANG_ANALYZER_NUMBER_OBJECT_CONVERSION = YES_AGGRESSIVE;
				CLANG_CXX_LANGUAGE_STANDARD = "gnu++17";
				CLANG_ENABLE_MODULES = YES;
				CLANG_ENABLE_OBJC_ARC = YES;
				CLANG_ENABLE_OBJC_WEAK = YES;
				CLANG_WARN_BLOCK_CAPTURE_AUTORELEASING = YES;
				CLANG_WARN_BOOL_CONVERSION = YES;
				CLANG_WARN_COMMA = YES;
				CLANG_WARN_CONSTANT_CONVERSION = YES;
				CLANG_WARN_DEPRECATED_OBJC_IMPLEMENTATIONS = YES;
				CLANG_WARN_DIRECT_OBJC_ISA_USAGE = YES_ERROR;
				CLANG_WARN_DOCUMENTATION_COMMENTS = YES;
				CLANG_WARN_EMPTY_BODY = YES;
				CLANG_WARN_ENUM_CONVERSION = YES;
				CLANG_WARN_INFINITE_RECURSION = YES;
				CLANG_WARN_INT_CONVERSION = YES;
				CLANG_WARN_NON_LITERAL_NULL_CONVERSION = YES;
				CLANG_WARN_OBJC_IMPLICIT_RETAIN_SELF = YES;
				CLANG_WARN_OBJC_LITERAL_CONVERSION = YES;
				CLANG_WARN_OBJC_ROOT_CLASS = YES_ERROR;
				CLANG_WARN_QUOTED_INCLUDE_IN_FRAMEWORK_HEADER = YES;
				CLANG_WARN_RANGE_LOOP_ANALYSIS = YES;
				CLANG_WARN_STRICT_PROTOTYPES = YES;
				CLANG_WARN_SUSPICIOUS_MOVE = YES;
				CLANG_WARN_UNGUARDED_AVAILABILITY = YES_AGGRESSIVE;
				CLANG_WARN_UNREACHABLE_CODE = YES;
				CLANG_WARN__DUPLICATE_METHOD_MATCH = YES;
				COPY_PHASE_STRIP = NO;
				DEBUG_INFORMATION_FORMAT = dwarf;
				ENABLE_STRICT_OBJC_MSGSEND = YES;
				ENABLE_TESTABILITY = YES;
				GCC_C_LANGUAGE_STANDARD = gnu11;
				GCC_DYNAMIC_NO_PIC = NO;
				GCC_NO_COMMON_BLOCKS = YES;
				GCC_OPTIMIZATION_LEVEL = 0;
				GCC_PREPROCESSOR_DEFINITIONS = (
					"DEBUG=1",
					"$(inherited)",
				);
				GCC_WARN_64_TO_32_BIT_CONVERSION = YES;
				GCC_WARN_ABOUT_RETURN_TYPE = YES_ERROR;
				GCC_WARN_UNDECLARED_SELECTOR = YES;
				GCC_WARN_UNINITIALIZED_AUTOS = YES_AGGRESSIVE;
				GCC_WARN_UNUSED_FUNCTION = YES;
				GCC_WARN_UNUSED_VARIABLE = YES;
				IPHONEOS_DEPLOYMENT_TARGET = 15.0;
				MTL_ENABLE_DEBUG_INFO = INCLUDE_SOURCE;
				MTL_FAST_MATH = YES;
				ONLY_ACTIVE_ARCH = YES;
				SDKROOT = iphoneos;
				SWIFT_ACTIVE_COMPILATION_CONDITIONS = DEBUG;
				SWIFT_OPTIMIZATION_LEVEL = "-Onone";
			};
			name = Debug;
		};
		D3BFA9532833796F00606CD4 /* Release */ = {
			isa = XCBuildConfiguration;
			buildSettings = {
				ALWAYS_SEARCH_USER_PATHS = NO;
				CLANG_ANALYZER_LOCALIZABILITY_NONLOCALIZED = YES;
				CLANG_ANALYZER_NONNULL = YES;
				CLANG_ANALYZER_NUMBER_OBJECT_CONVERSION = YES_AGGRESSIVE;
				CLANG_CXX_LANGUAGE_STANDARD = "gnu++17";
				CLANG_ENABLE_MODULES = YES;
				CLANG_ENABLE_OBJC_ARC = YES;
				CLANG_ENABLE_OBJC_WEAK = YES;
				CLANG_WARN_BLOCK_CAPTURE_AUTORELEASING = YES;
				CLANG_WARN_BOOL_CONVERSION = YES;
				CLANG_WARN_COMMA = YES;
				CLANG_WARN_CONSTANT_CONVERSION = YES;
				CLANG_WARN_DEPRECATED_OBJC_IMPLEMENTATIONS = YES;
				CLANG_WARN_DIRECT_OBJC_ISA_USAGE = YES_ERROR;
				CLANG_WARN_DOCUMENTATION_COMMENTS = YES;
				CLANG_WARN_EMPTY_BODY = YES;
				CLANG_WARN_ENUM_CONVERSION = YES;
				CLANG_WARN_INFINITE_RECURSION = YES;
				CLANG_WARN_INT_CONVERSION = YES;
				CLANG_WARN_NON_LITERAL_NULL_CONVERSION = YES;
				CLANG_WARN_OBJC_IMPLICIT_RETAIN_SELF = YES;
				CLANG_WARN_OBJC_LITERAL_CONVERSION = YES;
				CLANG_WARN_OBJC_ROOT_CLASS = YES_ERROR;
				CLANG_WARN_QUOTED_INCLUDE_IN_FRAMEWORK_HEADER = YES;
				CLANG_WARN_RANGE_LOOP_ANALYSIS = YES;
				CLANG_WARN_STRICT_PROTOTYPES = YES;
				CLANG_WARN_SUSPICIOUS_MOVE = YES;
				CLANG_WARN_UNGUARDED_AVAILABILITY = YES_AGGRESSIVE;
				CLANG_WARN_UNREACHABLE_CODE = YES;
				CLANG_WARN__DUPLICATE_METHOD_MATCH = YES;
				COPY_PHASE_STRIP = NO;
				DEBUG_INFORMATION_FORMAT = "dwarf-with-dsym";
				ENABLE_NS_ASSERTIONS = NO;
				ENABLE_STRICT_OBJC_MSGSEND = YES;
				GCC_C_LANGUAGE_STANDARD = gnu11;
				GCC_NO_COMMON_BLOCKS = YES;
				GCC_WARN_64_TO_32_BIT_CONVERSION = YES;
				GCC_WARN_ABOUT_RETURN_TYPE = YES_ERROR;
				GCC_WARN_UNDECLARED_SELECTOR = YES;
				GCC_WARN_UNINITIALIZED_AUTOS = YES_AGGRESSIVE;
				GCC_WARN_UNUSED_FUNCTION = YES;
				GCC_WARN_UNUSED_VARIABLE = YES;
				IPHONEOS_DEPLOYMENT_TARGET = 15.0;
				MTL_ENABLE_DEBUG_INFO = NO;
				MTL_FAST_MATH = YES;
				SDKROOT = iphoneos;
				SWIFT_COMPILATION_MODE = wholemodule;
				SWIFT_OPTIMIZATION_LEVEL = "-O";
				VALIDATE_PRODUCT = YES;
			};
			name = Release;
		};
		D3BFA9552833796F00606CD4 /* Debug */ = {
			isa = XCBuildConfiguration;
			buildSettings = {
				ASSETCATALOG_COMPILER_APPICON_NAME = AppIcon;
				ASSETCATALOG_COMPILER_GLOBAL_ACCENT_COLOR_NAME = AccentColor;
				CODE_SIGN_ENTITLEMENTS = Pog/Pog.entitlements;
				CODE_SIGN_STYLE = Automatic;
				CURRENT_PROJECT_VERSION = 23;
				DEBUG_INFORMATION_FORMAT = "dwarf-with-dsym";
				DEVELOPMENT_ASSET_PATHS = "\"Pog/Preview Content\"";
				DEVELOPMENT_TEAM = S8WBNKMKYU;
				ENABLE_PREVIEWS = YES;
				GENERATE_INFOPLIST_FILE = YES;
				INFOPLIST_FILE = Pog/Info.plist;
				INFOPLIST_KEY_NSLocationAlwaysAndWhenInUseUsageDescription = "Pogにはユーザーの位置情報をトラッキングし、ログとしてその日の行動を確認できる機能があります。これらの機能を利用するには位置情報の許可をお願いします。また、位置情報に関してはこちら側で解析やクラウド上での保存は行いません。";
				INFOPLIST_KEY_NSLocationWhenInUseUsageDescription = "Pogにはユーザーの位置情報をトラッキングし、ログとしてその日の行動を確認できる機能があります。これらの機能を利用するには位置情報の許可をお願いします。また、位置情報に関してはこちら側で解析やクラウド上での保存は行いません。";
				INFOPLIST_KEY_UIApplicationSceneManifest_Generation = YES;
				INFOPLIST_KEY_UIApplicationSupportsIndirectInputEvents = YES;
				INFOPLIST_KEY_UILaunchScreen_Generation = YES;
				INFOPLIST_KEY_UISupportedInterfaceOrientations_iPad = "UIInterfaceOrientationPortrait UIInterfaceOrientationPortraitUpsideDown UIInterfaceOrientationLandscapeLeft UIInterfaceOrientationLandscapeRight";
				INFOPLIST_KEY_UISupportedInterfaceOrientations_iPhone = "UIInterfaceOrientationPortrait UIInterfaceOrientationLandscapeLeft UIInterfaceOrientationLandscapeRight";
				IPHONEOS_DEPLOYMENT_TARGET = 15.0;
				LD_RUNPATH_SEARCH_PATHS = (
					"$(inherited)",
					"@executable_path/Frameworks",
				);
				MARKETING_VERSION = 1.2.5;
				PRODUCT_BUNDLE_IDENTIFIER = dev.fummicc1.Pog.ios.debug;
				PRODUCT_NAME = "D_$(TARGET_NAME)";
				SWIFT_EMIT_LOC_STRINGS = YES;
				SWIFT_VERSION = 5.0;
				TARGETED_DEVICE_FAMILY = 1;
			};
			name = Debug;
		};
		D3BFA9562833796F00606CD4 /* Release */ = {
			isa = XCBuildConfiguration;
			buildSettings = {
				ASSETCATALOG_COMPILER_APPICON_NAME = AppIcon;
				ASSETCATALOG_COMPILER_GLOBAL_ACCENT_COLOR_NAME = AccentColor;
				CODE_SIGN_ENTITLEMENTS = Pog/Pog.entitlements;
				CODE_SIGN_STYLE = Automatic;
				CURRENT_PROJECT_VERSION = 23;
				DEVELOPMENT_ASSET_PATHS = "\"Pog/Preview Content\"";
				DEVELOPMENT_TEAM = S8WBNKMKYU;
				ENABLE_PREVIEWS = YES;
				GENERATE_INFOPLIST_FILE = YES;
				INFOPLIST_FILE = Pog/Info.plist;
				INFOPLIST_KEY_NSLocationAlwaysAndWhenInUseUsageDescription = "Pogにはユーザーの位置情報をトラッキングし、ログとしてその日の行動を確認できる機能があります。これらの機能を利用するには位置情報の許可をお願いします。また、位置情報に関してはこちら側で解析やクラウド上での保存は行いません。";
				INFOPLIST_KEY_NSLocationWhenInUseUsageDescription = "Pogにはユーザーの位置情報をトラッキングし、ログとしてその日の行動を確認できる機能があります。これらの機能を利用するには位置情報の許可をお願いします。また、位置情報に関してはこちら側で解析やクラウド上での保存は行いません。";
				INFOPLIST_KEY_UIApplicationSceneManifest_Generation = YES;
				INFOPLIST_KEY_UIApplicationSupportsIndirectInputEvents = YES;
				INFOPLIST_KEY_UILaunchScreen_Generation = YES;
				INFOPLIST_KEY_UISupportedInterfaceOrientations_iPad = "UIInterfaceOrientationPortrait UIInterfaceOrientationPortraitUpsideDown UIInterfaceOrientationLandscapeLeft UIInterfaceOrientationLandscapeRight";
				INFOPLIST_KEY_UISupportedInterfaceOrientations_iPhone = "UIInterfaceOrientationPortrait UIInterfaceOrientationLandscapeLeft UIInterfaceOrientationLandscapeRight";
				IPHONEOS_DEPLOYMENT_TARGET = 15.0;
				LD_RUNPATH_SEARCH_PATHS = (
					"$(inherited)",
					"@executable_path/Frameworks",
				);
				MARKETING_VERSION = 1.2.5;
				PRODUCT_BUNDLE_IDENTIFIER = dev.fummicc1.Pog.ios;
				PRODUCT_NAME = "$(TARGET_NAME)";
				SWIFT_EMIT_LOC_STRINGS = YES;
				SWIFT_VERSION = 5.0;
				TARGETED_DEVICE_FAMILY = 1;
			};
			name = Release;
		};
		D3BFA9582833796F00606CD4 /* Debug */ = {
			isa = XCBuildConfiguration;
			buildSettings = {
				ALWAYS_EMBED_SWIFT_STANDARD_LIBRARIES = YES;
				BUNDLE_LOADER = "$(TEST_HOST)";
				CODE_SIGN_STYLE = Automatic;
				CURRENT_PROJECT_VERSION = 1;
				DEVELOPMENT_TEAM = S8WBNKMKYU;
				GENERATE_INFOPLIST_FILE = YES;
				IPHONEOS_DEPLOYMENT_TARGET = 15.5;
				MARKETING_VERSION = 1.0;
				PRODUCT_BUNDLE_IDENTIFIER = dev.fummicc1.PogTests;
				PRODUCT_NAME = "$(TARGET_NAME)";
				SWIFT_EMIT_LOC_STRINGS = NO;
				SWIFT_VERSION = 5.0;
				TARGETED_DEVICE_FAMILY = "1,2";
				TEST_HOST = "$(BUILT_PRODUCTS_DIR)/Pog.app/Pog";
			};
			name = Debug;
		};
		D3BFA9592833796F00606CD4 /* Release */ = {
			isa = XCBuildConfiguration;
			buildSettings = {
				ALWAYS_EMBED_SWIFT_STANDARD_LIBRARIES = YES;
				BUNDLE_LOADER = "$(TEST_HOST)";
				CODE_SIGN_STYLE = Automatic;
				CURRENT_PROJECT_VERSION = 1;
				DEVELOPMENT_TEAM = S8WBNKMKYU;
				GENERATE_INFOPLIST_FILE = YES;
				IPHONEOS_DEPLOYMENT_TARGET = 15.5;
				MARKETING_VERSION = 1.0;
				PRODUCT_BUNDLE_IDENTIFIER = dev.fummicc1.PogTests;
				PRODUCT_NAME = "$(TARGET_NAME)";
				SWIFT_EMIT_LOC_STRINGS = NO;
				SWIFT_VERSION = 5.0;
				TARGETED_DEVICE_FAMILY = "1,2";
				TEST_HOST = "$(BUILT_PRODUCTS_DIR)/Pog.app/Pog";
			};
			name = Release;
		};
		D3BFA95B2833796F00606CD4 /* Debug */ = {
			isa = XCBuildConfiguration;
			buildSettings = {
				ALWAYS_EMBED_SWIFT_STANDARD_LIBRARIES = YES;
				CODE_SIGN_STYLE = Automatic;
				CURRENT_PROJECT_VERSION = 1;
				DEVELOPMENT_TEAM = S8WBNKMKYU;
				GENERATE_INFOPLIST_FILE = YES;
				MARKETING_VERSION = 1.0;
				PRODUCT_BUNDLE_IDENTIFIER = dev.fummicc1.PogUITests;
				PRODUCT_NAME = "$(TARGET_NAME)";
				SWIFT_EMIT_LOC_STRINGS = NO;
				SWIFT_VERSION = 5.0;
				TARGETED_DEVICE_FAMILY = "1,2";
				TEST_TARGET_NAME = Pog;
			};
			name = Debug;
		};
		D3BFA95C2833796F00606CD4 /* Release */ = {
			isa = XCBuildConfiguration;
			buildSettings = {
				ALWAYS_EMBED_SWIFT_STANDARD_LIBRARIES = YES;
				CODE_SIGN_STYLE = Automatic;
				CURRENT_PROJECT_VERSION = 1;
				DEVELOPMENT_TEAM = S8WBNKMKYU;
				GENERATE_INFOPLIST_FILE = YES;
				MARKETING_VERSION = 1.0;
				PRODUCT_BUNDLE_IDENTIFIER = dev.fummicc1.PogUITests;
				PRODUCT_NAME = "$(TARGET_NAME)";
				SWIFT_EMIT_LOC_STRINGS = NO;
				SWIFT_VERSION = 5.0;
				TARGETED_DEVICE_FAMILY = "1,2";
				TEST_TARGET_NAME = Pog;
			};
			name = Release;
		};
/* End XCBuildConfiguration section */

/* Begin XCConfigurationList section */
		D3BFA92B2833796D00606CD4 /* Build configuration list for PBXProject "Pog" */ = {
			isa = XCConfigurationList;
			buildConfigurations = (
				D3BFA9522833796F00606CD4 /* Debug */,
				D3BFA9532833796F00606CD4 /* Release */,
			);
			defaultConfigurationIsVisible = 0;
			defaultConfigurationName = Release;
		};
		D3BFA9542833796F00606CD4 /* Build configuration list for PBXNativeTarget "Pog" */ = {
			isa = XCConfigurationList;
			buildConfigurations = (
				D3BFA9552833796F00606CD4 /* Debug */,
				D3BFA9562833796F00606CD4 /* Release */,
			);
			defaultConfigurationIsVisible = 0;
			defaultConfigurationName = Release;
		};
		D3BFA9572833796F00606CD4 /* Build configuration list for PBXNativeTarget "PogTests" */ = {
			isa = XCConfigurationList;
			buildConfigurations = (
				D3BFA9582833796F00606CD4 /* Debug */,
				D3BFA9592833796F00606CD4 /* Release */,
			);
			defaultConfigurationIsVisible = 0;
			defaultConfigurationName = Release;
		};
		D3BFA95A2833796F00606CD4 /* Build configuration list for PBXNativeTarget "PogUITests" */ = {
			isa = XCConfigurationList;
			buildConfigurations = (
				D3BFA95B2833796F00606CD4 /* Debug */,
				D3BFA95C2833796F00606CD4 /* Release */,
			);
			defaultConfigurationIsVisible = 0;
			defaultConfigurationName = Release;
		};
/* End XCConfigurationList section */

/* Begin XCRemoteSwiftPackageReference section */
		D31F91B3285CE54600B55DCE /* XCRemoteSwiftPackageReference "firebase-ios-sdk" */ = {
			isa = XCRemoteSwiftPackageReference;
			repositoryURL = "https://github.com/firebase/firebase-ios-sdk";
			requirement = {
				kind = upToNextMinorVersion;
				minimumVersion = 9.1.0;
			};
		};
		D3BFA971283397ED00606CD4 /* XCRemoteSwiftPackageReference "SFSafeSymbols" */ = {
			isa = XCRemoteSwiftPackageReference;
			repositoryURL = "https://github.com/SFSafeSymbols/SFSafeSymbols";
			requirement = {
				kind = upToNextMinorVersion;
				minimumVersion = 3.3.0;
			};
		};
		D3BFA9972833CEBF00606CD4 /* XCRemoteSwiftPackageReference "PartialSheet" */ = {
			isa = XCRemoteSwiftPackageReference;
			repositoryURL = "https://github.com/AndreaMiotto/PartialSheet";
			requirement = {
				kind = upToNextMinorVersion;
				minimumVersion = 3.1.0;
			};
		};
		D3E0AAC628408B8500597C1A /* XCRemoteSwiftPackageReference "swiftui-mapview" */ = {
			isa = XCRemoteSwiftPackageReference;
			repositoryURL = "https://github.com/sgade/swiftui-mapview";
			requirement = {
				kind = upToNextMinorVersion;
				minimumVersion = 1.2.0;
			};
		};
/* End XCRemoteSwiftPackageReference section */

/* Begin XCSwiftPackageProductDependency section */
		D31F91B4285CE54600B55DCE /* FirebaseAnalytics */ = {
			isa = XCSwiftPackageProductDependency;
			package = D31F91B3285CE54600B55DCE /* XCRemoteSwiftPackageReference "firebase-ios-sdk" */;
			productName = FirebaseAnalytics;
		};
		D31F91B6285CE54600B55DCE /* FirebaseCrashlytics */ = {
			isa = XCSwiftPackageProductDependency;
			package = D31F91B3285CE54600B55DCE /* XCRemoteSwiftPackageReference "firebase-ios-sdk" */;
			productName = FirebaseCrashlytics;
		};
		D33BFEE528702B5B007C7CA9 /* CombineMoya */ = {
			isa = XCSwiftPackageProductDependency;
			productName = CombineMoya;
		};
		D33BFEE728702B5B007C7CA9 /* Moya */ = {
			isa = XCSwiftPackageProductDependency;
			productName = Moya;
		};
		D3BFA972283397ED00606CD4 /* SFSafeSymbols */ = {
			isa = XCSwiftPackageProductDependency;
			package = D3BFA971283397ED00606CD4 /* XCRemoteSwiftPackageReference "SFSafeSymbols" */;
			productName = SFSafeSymbols;
		};
		D3BFA9982833CEBF00606CD4 /* PartialSheet */ = {
			isa = XCSwiftPackageProductDependency;
			package = D3BFA9972833CEBF00606CD4 /* XCRemoteSwiftPackageReference "PartialSheet" */;
			productName = PartialSheet;
		};
/* End XCSwiftPackageProductDependency section */

/* Begin XCVersionGroup section */
		D3CA088328689FD4006147BB /* Pog.xcdatamodeld */ = {
			isa = XCVersionGroup;
			children = (
				D3E0B1D4287F09F60094AB49 /* Pog 8.xcdatamodel */,
				D312A143287738BD00CEFBCC /* Pog 7.xcdatamodel */,
				D3FD2EA228717C630014ECC2 /* Pog 6.xcdatamodel */,
				D306F918286EFA21006293E9 /* Pog 5.xcdatamodel */,
				D3CA088428689FD4006147BB /* Pog 3.xcdatamodel */,
				D3CA088528689FD4006147BB /* Pog.xcdatamodel */,
				D3CA088628689FD4006147BB /* Pog 2.xcdatamodel */,
				D3CA088728689FD4006147BB /* Pog 4.xcdatamodel */,
			);
			currentVersion = D3E0B1D4287F09F60094AB49 /* Pog 8.xcdatamodel */;
			path = Pog.xcdatamodeld;
			sourceTree = "<group>";
			versionGroupType = wrapper.xcdatamodel;
		};
/* End XCVersionGroup section */
	};
	rootObject = D3BFA9282833796D00606CD4 /* Project object */;
}
