// !$*UTF8*$!
{
	archiveVersion = 1;
	classes = {
	};
	objectVersion = 52;
	objects = {

/* Begin PBXBuildFile section */
		4FA3E88CEB9AF06D7E7A180E /* Pods_PlaceDiary_PlaceDiaryUITests.framework in Frameworks */ = {isa = PBXBuildFile; fileRef = B8110B08AA635C3453AFBAF0 /* Pods_PlaceDiary_PlaceDiaryUITests.framework */; };
		596D757EBBF8A1E529A1D85E /* AppDelegate.swift in Sources */ = {isa = PBXBuildFile; fileRef = 701FB36B3E442BF31561393C /* AppDelegate.swift */; };
		78E27CA2F9E2606FCEDE2782 /* SceneDelegate.swift in Sources */ = {isa = PBXBuildFile; fileRef = BC77BE5C5DFC8AE455D8A7B0 /* SceneDelegate.swift */; };
		B24B3D7D52459D4D8D5C4A6E /* Pods_PlaceDiary.framework in Frameworks */ = {isa = PBXBuildFile; fileRef = 03BF99C7407BE48DCD5DF0B0 /* Pods_PlaceDiary.framework */; };
		C163D0D60E900AD98B788622 /* PlaceDiaryUITests.swift in Sources */ = {isa = PBXBuildFile; fileRef = 0358DEA95F3744C45BE84237 /* PlaceDiaryUITests.swift */; };
		CBD1A7F351334E0DD0B4E241 /* LaunchScreen.storyboard in Resources */ = {isa = PBXBuildFile; fileRef = 5C34559AFCD3E53686A2112A /* LaunchScreen.storyboard */; };
		CF8BD05AEF080D791E7911CF /* Pods_PlaceDiaryTests.framework in Frameworks */ = {isa = PBXBuildFile; fileRef = 5A4560CCD873D23EA6A6F263 /* Pods_PlaceDiaryTests.framework */; };
		CFFE738123B988FBC4412EA9 /* RxCocoa in Frameworks */ = {isa = PBXBuildFile; productRef = BDA87D2F5CADA9672ACA53CD /* RxCocoa */; };
		D695FABE41CC27335135611F /* PlaceDiaryTests.swift in Sources */ = {isa = PBXBuildFile; fileRef = B07EDDD7C0E8819A4E03DC9C /* PlaceDiaryTests.swift */; };
		D73DCFA574A7423FFD6DBBB8 /* ViewController.swift in Sources */ = {isa = PBXBuildFile; fileRef = 43A5C43816FFBA7F49BE7030 /* ViewController.swift */; };
		DB16023AA7DEDAB40B4DF984 /* RxRelay in Frameworks */ = {isa = PBXBuildFile; productRef = B3ED919502BA0ABDB86028F7 /* RxRelay */; };
		EED9D4043860A00CAD8638A2 /* Image.xcassets in Resources */ = {isa = PBXBuildFile; fileRef = 6F51C6773E6DC5AFEEE53523 /* Image.xcassets */; };
		F864DDDDA315F9A30435E5C7 /* RxSwift in Frameworks */ = {isa = PBXBuildFile; productRef = E87B769C3B47CE7FAEEFCF79 /* RxSwift */; };
/* End PBXBuildFile section */

/* Begin PBXContainerItemProxy section */
		191E53F10B4068FFB9BEE2BF /* PBXContainerItemProxy */ = {
			isa = PBXContainerItemProxy;
			containerPortal = 3C6EF8D99E668F403A3ABEEE /* Project object */;
			proxyType = 1;
			remoteGlobalIDString = 53925CE5FA0BFB00157A6B47;
			remoteInfo = PlaceDiary;
		};
		94414032468BB85C2A9EE6D3 /* PBXContainerItemProxy */ = {
			isa = PBXContainerItemProxy;
			containerPortal = 3C6EF8D99E668F403A3ABEEE /* Project object */;
			proxyType = 1;
			remoteGlobalIDString = 53925CE5FA0BFB00157A6B47;
			remoteInfo = PlaceDiary;
		};
/* End PBXContainerItemProxy section */

/* Begin PBXFileReference section */
		0358DEA95F3744C45BE84237 /* PlaceDiaryUITests.swift */ = {isa = PBXFileReference; lastKnownFileType = sourcecode.swift; path = PlaceDiaryUITests.swift; sourceTree = "<group>"; };
		03BF99C7407BE48DCD5DF0B0 /* Pods_PlaceDiary.framework */ = {isa = PBXFileReference; explicitFileType = wrapper.framework; includeInIndex = 0; path = Pods_PlaceDiary.framework; sourceTree = BUILT_PRODUCTS_DIR; };
		067DD71BAE286A3C1C6BEAB0 /* Info.plist */ = {isa = PBXFileReference; lastKnownFileType = text.plist; path = Info.plist; sourceTree = "<group>"; };
		2DE0A266899AE89545943119 /* Pods-PlaceDiaryTests.release.xcconfig */ = {isa = PBXFileReference; includeInIndex = 1; lastKnownFileType = text.xcconfig; name = "Pods-PlaceDiaryTests.release.xcconfig"; path = "Target Support Files/Pods-PlaceDiaryTests/Pods-PlaceDiaryTests.release.xcconfig"; sourceTree = "<group>"; };
		43A5C43816FFBA7F49BE7030 /* ViewController.swift */ = {isa = PBXFileReference; lastKnownFileType = sourcecode.swift; path = ViewController.swift; sourceTree = "<group>"; };
		47E8116E31FC0EBCAFCCA4A1 /* Pods-PlaceDiaryTests.debug.xcconfig */ = {isa = PBXFileReference; includeInIndex = 1; lastKnownFileType = text.xcconfig; name = "Pods-PlaceDiaryTests.debug.xcconfig"; path = "Target Support Files/Pods-PlaceDiaryTests/Pods-PlaceDiaryTests.debug.xcconfig"; sourceTree = "<group>"; };
		524361A427CEAA09736F47AC /* PlaceDiaryUITests.xctest */ = {isa = PBXFileReference; explicitFileType = wrapper.cfbundle; includeInIndex = 0; path = PlaceDiaryUITests.xctest; sourceTree = BUILT_PRODUCTS_DIR; };
		5A4560CCD873D23EA6A6F263 /* Pods_PlaceDiaryTests.framework */ = {isa = PBXFileReference; explicitFileType = wrapper.framework; includeInIndex = 0; path = Pods_PlaceDiaryTests.framework; sourceTree = BUILT_PRODUCTS_DIR; };
		5FE93A26929519A085F3040E /* Pods-PlaceDiary.debug.xcconfig */ = {isa = PBXFileReference; includeInIndex = 1; lastKnownFileType = text.xcconfig; name = "Pods-PlaceDiary.debug.xcconfig"; path = "Target Support Files/Pods-PlaceDiary/Pods-PlaceDiary.debug.xcconfig"; sourceTree = "<group>"; };
		6F51C6773E6DC5AFEEE53523 /* Image.xcassets */ = {isa = PBXFileReference; lastKnownFileType = folder.assetcatalog; path = Image.xcassets; sourceTree = "<group>"; };
		701FB36B3E442BF31561393C /* AppDelegate.swift */ = {isa = PBXFileReference; lastKnownFileType = sourcecode.swift; path = AppDelegate.swift; sourceTree = "<group>"; };
		7094190D10DF60F422A93301 /* Pods-PlaceDiary.release.xcconfig */ = {isa = PBXFileReference; includeInIndex = 1; lastKnownFileType = text.xcconfig; name = "Pods-PlaceDiary.release.xcconfig"; path = "Target Support Files/Pods-PlaceDiary/Pods-PlaceDiary.release.xcconfig"; sourceTree = "<group>"; };
		804B10657ADB5FAFC6C41ED7 /* Info.plist */ = {isa = PBXFileReference; lastKnownFileType = text.plist; path = Info.plist; sourceTree = "<group>"; };
		83906A6140C45BA8D714DE59 /* Info.plist */ = {isa = PBXFileReference; lastKnownFileType = text.plist; path = Info.plist; sourceTree = "<group>"; };
		B07EDDD7C0E8819A4E03DC9C /* PlaceDiaryTests.swift */ = {isa = PBXFileReference; lastKnownFileType = sourcecode.swift; path = PlaceDiaryTests.swift; sourceTree = "<group>"; };
		B8110B08AA635C3453AFBAF0 /* Pods_PlaceDiary_PlaceDiaryUITests.framework */ = {isa = PBXFileReference; explicitFileType = wrapper.framework; includeInIndex = 0; path = Pods_PlaceDiary_PlaceDiaryUITests.framework; sourceTree = BUILT_PRODUCTS_DIR; };
		BC77BE5C5DFC8AE455D8A7B0 /* SceneDelegate.swift */ = {isa = PBXFileReference; lastKnownFileType = sourcecode.swift; path = SceneDelegate.swift; sourceTree = "<group>"; };
		D603657641ACEE9E888A8C38 /* Base */ = {isa = PBXFileReference; lastKnownFileType = file.storyboard; name = Base; path = Base.lproj/LaunchScreen.storyboard; sourceTree = "<group>"; };
		D6FECA2586FEAA3306335E44 /* PlaceDiaryTests.xctest */ = {isa = PBXFileReference; explicitFileType = wrapper.cfbundle; includeInIndex = 0; path = PlaceDiaryTests.xctest; sourceTree = BUILT_PRODUCTS_DIR; };
		E6C0E607DE5F7650C9DED400 /* Pods-PlaceDiary-PlaceDiaryUITests.release.xcconfig */ = {isa = PBXFileReference; includeInIndex = 1; lastKnownFileType = text.xcconfig; name = "Pods-PlaceDiary-PlaceDiaryUITests.release.xcconfig"; path = "Target Support Files/Pods-PlaceDiary-PlaceDiaryUITests/Pods-PlaceDiary-PlaceDiaryUITests.release.xcconfig"; sourceTree = "<group>"; };
		EF93F60EF3AE975EBA00B916 /* PlaceDiary.app */ = {isa = PBXFileReference; explicitFileType = wrapper.application; includeInIndex = 0; path = PlaceDiary.app; sourceTree = BUILT_PRODUCTS_DIR; };
		F37CC19713B2156FC9B90E4C /* Pods-PlaceDiary-PlaceDiaryUITests.debug.xcconfig */ = {isa = PBXFileReference; includeInIndex = 1; lastKnownFileType = text.xcconfig; name = "Pods-PlaceDiary-PlaceDiaryUITests.debug.xcconfig"; path = "Target Support Files/Pods-PlaceDiary-PlaceDiaryUITests/Pods-PlaceDiary-PlaceDiaryUITests.debug.xcconfig"; sourceTree = "<group>"; };
/* End PBXFileReference section */

/* Begin PBXFrameworksBuildPhase section */
		5A2D4A48071342F667429ED6 /* Frameworks */ = {
			isa = PBXFrameworksBuildPhase;
			buildActionMask = 2147483647;
			files = (
				CF8BD05AEF080D791E7911CF /* Pods_PlaceDiaryTests.framework in Frameworks */,
			);
			runOnlyForDeploymentPostprocessing = 0;
		};
		63D5169D862CA9C37AE69C85 /* Frameworks */ = {
			isa = PBXFrameworksBuildPhase;
			buildActionMask = 2147483647;
			files = (
				4FA3E88CEB9AF06D7E7A180E /* Pods_PlaceDiary_PlaceDiaryUITests.framework in Frameworks */,
			);
			runOnlyForDeploymentPostprocessing = 0;
		};
		8AE1A7EDD9592DA382CBD72F /* Frameworks */ = {
			isa = PBXFrameworksBuildPhase;
			buildActionMask = 2147483647;
			files = (
				F864DDDDA315F9A30435E5C7 /* RxSwift in Frameworks */,
				CFFE738123B988FBC4412EA9 /* RxCocoa in Frameworks */,
				DB16023AA7DEDAB40B4DF984 /* RxRelay in Frameworks */,
				B24B3D7D52459D4D8D5C4A6E /* Pods_PlaceDiary.framework in Frameworks */,
			);
			runOnlyForDeploymentPostprocessing = 0;
		};
/* End PBXFrameworksBuildPhase section */

/* Begin PBXGroup section */
		0470ECAA1F449EA2D67E4D4E /* Products */ = {
			isa = PBXGroup;
			children = (
				EF93F60EF3AE975EBA00B916 /* PlaceDiary.app */,
				D6FECA2586FEAA3306335E44 /* PlaceDiaryTests.xctest */,
				524361A427CEAA09736F47AC /* PlaceDiaryUITests.xctest */,
			);
			name = Products;
			sourceTree = "<group>";
		};
		0B213D30C16A8F4DB5D80660 /* Plist */ = {
			isa = PBXGroup;
			children = (
				067DD71BAE286A3C1C6BEAB0 /* Info.plist */,
			);
			path = Plist;
			sourceTree = "<group>";
		};
		22BF559DE1FED298713890EB = {
			isa = PBXGroup;
			children = (
				D6F9A714CFF0AEB0C6B944CB /* PlaceDiary */,
				76D27962EEBD85F76C138DF1 /* PlaceDiaryTests */,
				A9AC9C61F1D7ED549881768C /* PlaceDiaryUITests */,
				0470ECAA1F449EA2D67E4D4E /* Products */,
				DBCD4FBFB7187DCBD6715C31 /* Pods */,
				7403AF273B03CD6DCAF037AD /* Frameworks */,
			);
			sourceTree = "<group>";
		};
		7403AF273B03CD6DCAF037AD /* Frameworks */ = {
			isa = PBXGroup;
			children = (
				03BF99C7407BE48DCD5DF0B0 /* Pods_PlaceDiary.framework */,
				B8110B08AA635C3453AFBAF0 /* Pods_PlaceDiary_PlaceDiaryUITests.framework */,
				5A4560CCD873D23EA6A6F263 /* Pods_PlaceDiaryTests.framework */,
			);
			name = Frameworks;
			sourceTree = "<group>";
		};
		76D27962EEBD85F76C138DF1 /* PlaceDiaryTests */ = {
			isa = PBXGroup;
			children = (
				83906A6140C45BA8D714DE59 /* Info.plist */,
				B07EDDD7C0E8819A4E03DC9C /* PlaceDiaryTests.swift */,
			);
			path = PlaceDiaryTests;
			sourceTree = "<group>";
		};
		A9AC9C61F1D7ED549881768C /* PlaceDiaryUITests */ = {
			isa = PBXGroup;
			children = (
				804B10657ADB5FAFC6C41ED7 /* Info.plist */,
				0358DEA95F3744C45BE84237 /* PlaceDiaryUITests.swift */,
			);
			path = PlaceDiaryUITests;
			sourceTree = "<group>";
		};
		C9DE21808958565AE8728756 /* Resource */ = {
			isa = PBXGroup;
			children = (
				5C34559AFCD3E53686A2112A /* LaunchScreen.storyboard */,
				6F51C6773E6DC5AFEEE53523 /* Image.xcassets */,
				0B213D30C16A8F4DB5D80660 /* Plist */,
			);
			path = Resource;
			sourceTree = "<group>";
		};
		D3CF607423E082C900299CF4 /* Source */ = {
			isa = PBXGroup;
			children = (
				701FB36B3E442BF31561393C /* AppDelegate.swift */,
				BC77BE5C5DFC8AE455D8A7B0 /* SceneDelegate.swift */,
				43A5C43816FFBA7F49BE7030 /* ViewController.swift */,
			);
			path = Source;
			sourceTree = "<group>";
		};
		D6F9A714CFF0AEB0C6B944CB /* PlaceDiary */ = {
			isa = PBXGroup;
			children = (
				D3CF607423E082C900299CF4 /* Source */,
				C9DE21808958565AE8728756 /* Resource */,
			);
			path = PlaceDiary;
			sourceTree = "<group>";
		};
		DBCD4FBFB7187DCBD6715C31 /* Pods */ = {
			isa = PBXGroup;
			children = (
				5FE93A26929519A085F3040E /* Pods-PlaceDiary.debug.xcconfig */,
				7094190D10DF60F422A93301 /* Pods-PlaceDiary.release.xcconfig */,
				F37CC19713B2156FC9B90E4C /* Pods-PlaceDiary-PlaceDiaryUITests.debug.xcconfig */,
				E6C0E607DE5F7650C9DED400 /* Pods-PlaceDiary-PlaceDiaryUITests.release.xcconfig */,
				47E8116E31FC0EBCAFCCA4A1 /* Pods-PlaceDiaryTests.debug.xcconfig */,
				2DE0A266899AE89545943119 /* Pods-PlaceDiaryTests.release.xcconfig */,
			);
			path = Pods;
			sourceTree = "<group>";
		};
/* End PBXGroup section */

/* Begin PBXNativeTarget section */
		421A9C8F7577DD1A30B9F22F /* PlaceDiaryTests */ = {
			isa = PBXNativeTarget;
			buildConfigurationList = CD5B74065B086120ECB97EED /* Build configuration list for PBXNativeTarget "PlaceDiaryTests" */;
			buildPhases = (
				2D0AC862F3CB629F16431053 /* [CP] Check Pods Manifest.lock */,
				F5B7931887A7D4395DDF641F /* Sources */,
				5A2D4A48071342F667429ED6 /* Frameworks */,
			);
			buildRules = (
			);
			dependencies = (
				6CBD0D6A532E25D97A2DBB9D /* PBXTargetDependency */,
			);
			name = PlaceDiaryTests;
			productName = PlaceDiaryTests;
			productReference = D6FECA2586FEAA3306335E44 /* PlaceDiaryTests.xctest */;
			productType = "com.apple.product-type.bundle.unit-test";
		};
		53925CE5FA0BFB00157A6B47 /* PlaceDiary */ = {
			isa = PBXNativeTarget;
			buildConfigurationList = F3F3B8AD7FD8C01F23780F67 /* Build configuration list for PBXNativeTarget "PlaceDiary" */;
			buildPhases = (
				0DAB40C197627A0A0A2702A2 /* [CP] Check Pods Manifest.lock */,
				0DEDEC0C7D44A918BDD71BAB /* Sources */,
				49DC9BECDE0365E8612EBD39 /* Resources */,
				8AE1A7EDD9592DA382CBD72F /* Frameworks */,
			);
			buildRules = (
			);
			dependencies = (
			);
			name = PlaceDiary;
			packageProductDependencies = (
				E87B769C3B47CE7FAEEFCF79 /* RxSwift */,
				BDA87D2F5CADA9672ACA53CD /* RxCocoa */,
				B3ED919502BA0ABDB86028F7 /* RxRelay */,
			);
			productName = PlaceDiary;
			productReference = EF93F60EF3AE975EBA00B916 /* PlaceDiary.app */;
			productType = "com.apple.product-type.application";
		};
		A82F5E6E57DC18DC03117500 /* PlaceDiaryUITests */ = {
			isa = PBXNativeTarget;
			buildConfigurationList = 562B1742B2C69707BA4DFDF7 /* Build configuration list for PBXNativeTarget "PlaceDiaryUITests" */;
			buildPhases = (
				C2FCC10FE91677E19360EFA6 /* [CP] Check Pods Manifest.lock */,
				A1951621A26BBD5B5F1173C4 /* Sources */,
				63D5169D862CA9C37AE69C85 /* Frameworks */,
			);
			buildRules = (
			);
			dependencies = (
				E7BCAE7ED4DCAA8A5BD2F8B8 /* PBXTargetDependency */,
			);
			name = PlaceDiaryUITests;
			productName = PlaceDiaryUITests;
			productReference = 524361A427CEAA09736F47AC /* PlaceDiaryUITests.xctest */;
			productType = "com.apple.product-type.bundle.ui-testing";
		};
/* End PBXNativeTarget section */

/* Begin PBXProject section */
		3C6EF8D99E668F403A3ABEEE /* Project object */ = {
			isa = PBXProject;
			attributes = {
				LastUpgradeCheck = 1020;
				TargetAttributes = {
					421A9C8F7577DD1A30B9F22F = {
						TestTargetID = 53925CE5FA0BFB00157A6B47;
					};
					A82F5E6E57DC18DC03117500 = {
						TestTargetID = 53925CE5FA0BFB00157A6B47;
					};
				};
			};
			buildConfigurationList = A72E73707F39A1C8B325912C /* Build configuration list for PBXProject "PlaceDiary" */;
			compatibilityVersion = "Xcode 10.0";
			developmentRegion = en;
			hasScannedForEncodings = 0;
			knownRegions = (
				en,
				Base,
			);
			mainGroup = 22BF559DE1FED298713890EB;
			packageReferences = (
				D8C99A5BCD98AB6F82896D8D /* XCRemoteSwiftPackageReference "RxSwift" */,
				A983235851244D213B7CAFD8 /* XCRemoteSwiftPackageReference "RxSwift" */,
				A8F725A2FA9A75E231359014 /* XCRemoteSwiftPackageReference "RxSwift" */,
			);
			productRefGroup = 0470ECAA1F449EA2D67E4D4E /* Products */;
			projectDirPath = "";
			projectRoot = "";
			targets = (
				53925CE5FA0BFB00157A6B47 /* PlaceDiary */,
				421A9C8F7577DD1A30B9F22F /* PlaceDiaryTests */,
				A82F5E6E57DC18DC03117500 /* PlaceDiaryUITests */,
			);
		};
/* End PBXProject section */

/* Begin PBXResourcesBuildPhase section */
		49DC9BECDE0365E8612EBD39 /* Resources */ = {
			isa = PBXResourcesBuildPhase;
			buildActionMask = 2147483647;
			files = (
				EED9D4043860A00CAD8638A2 /* Image.xcassets in Resources */,
				CBD1A7F351334E0DD0B4E241 /* LaunchScreen.storyboard in Resources */,
			);
			runOnlyForDeploymentPostprocessing = 0;
		};
/* End PBXResourcesBuildPhase section */

/* Begin PBXShellScriptBuildPhase section */
		0DAB40C197627A0A0A2702A2 /* [CP] Check Pods Manifest.lock */ = {
			isa = PBXShellScriptBuildPhase;
			buildActionMask = 2147483647;
			files = (
			);
			inputFileListPaths = (
			);
			inputPaths = (
				"${PODS_PODFILE_DIR_PATH}/Podfile.lock",
				"${PODS_ROOT}/Manifest.lock",
			);
			name = "[CP] Check Pods Manifest.lock";
			outputFileListPaths = (
			);
			outputPaths = (
				"$(DERIVED_FILE_DIR)/Pods-PlaceDiary-checkManifestLockResult.txt",
			);
			runOnlyForDeploymentPostprocessing = 0;
			shellPath = /bin/sh;
			shellScript = "diff \"${PODS_PODFILE_DIR_PATH}/Podfile.lock\" \"${PODS_ROOT}/Manifest.lock\" > /dev/null\nif [ $? != 0 ] ; then\n    # print error to STDERR\n    echo \"error: The sandbox is not in sync with the Podfile.lock. Run 'pod install' or update your CocoaPods installation.\" >&2\n    exit 1\nfi\n# This output is used by Xcode 'outputs' to avoid re-running this script phase.\necho \"SUCCESS\" > \"${SCRIPT_OUTPUT_FILE_0}\"\n";
			showEnvVarsInLog = 0;
		};
		2D0AC862F3CB629F16431053 /* [CP] Check Pods Manifest.lock */ = {
			isa = PBXShellScriptBuildPhase;
			buildActionMask = 2147483647;
			files = (
			);
			inputFileListPaths = (
			);
			inputPaths = (
				"${PODS_PODFILE_DIR_PATH}/Podfile.lock",
				"${PODS_ROOT}/Manifest.lock",
			);
			name = "[CP] Check Pods Manifest.lock";
			outputFileListPaths = (
			);
			outputPaths = (
				"$(DERIVED_FILE_DIR)/Pods-PlaceDiaryTests-checkManifestLockResult.txt",
			);
			runOnlyForDeploymentPostprocessing = 0;
			shellPath = /bin/sh;
			shellScript = "diff \"${PODS_PODFILE_DIR_PATH}/Podfile.lock\" \"${PODS_ROOT}/Manifest.lock\" > /dev/null\nif [ $? != 0 ] ; then\n    # print error to STDERR\n    echo \"error: The sandbox is not in sync with the Podfile.lock. Run 'pod install' or update your CocoaPods installation.\" >&2\n    exit 1\nfi\n# This output is used by Xcode 'outputs' to avoid re-running this script phase.\necho \"SUCCESS\" > \"${SCRIPT_OUTPUT_FILE_0}\"\n";
			showEnvVarsInLog = 0;
		};
		C2FCC10FE91677E19360EFA6 /* [CP] Check Pods Manifest.lock */ = {
			isa = PBXShellScriptBuildPhase;
			buildActionMask = 2147483647;
			files = (
			);
			inputFileListPaths = (
			);
			inputPaths = (
				"${PODS_PODFILE_DIR_PATH}/Podfile.lock",
				"${PODS_ROOT}/Manifest.lock",
			);
			name = "[CP] Check Pods Manifest.lock";
			outputFileListPaths = (
			);
			outputPaths = (
				"$(DERIVED_FILE_DIR)/Pods-PlaceDiary-PlaceDiaryUITests-checkManifestLockResult.txt",
			);
			runOnlyForDeploymentPostprocessing = 0;
			shellPath = /bin/sh;
			shellScript = "diff \"${PODS_PODFILE_DIR_PATH}/Podfile.lock\" \"${PODS_ROOT}/Manifest.lock\" > /dev/null\nif [ $? != 0 ] ; then\n    # print error to STDERR\n    echo \"error: The sandbox is not in sync with the Podfile.lock. Run 'pod install' or update your CocoaPods installation.\" >&2\n    exit 1\nfi\n# This output is used by Xcode 'outputs' to avoid re-running this script phase.\necho \"SUCCESS\" > \"${SCRIPT_OUTPUT_FILE_0}\"\n";
			showEnvVarsInLog = 0;
		};
/* End PBXShellScriptBuildPhase section */

/* Begin PBXSourcesBuildPhase section */
		0DEDEC0C7D44A918BDD71BAB /* Sources */ = {
			isa = PBXSourcesBuildPhase;
			buildActionMask = 2147483647;
			files = (
				596D757EBBF8A1E529A1D85E /* AppDelegate.swift in Sources */,
				78E27CA2F9E2606FCEDE2782 /* SceneDelegate.swift in Sources */,
				D73DCFA574A7423FFD6DBBB8 /* ViewController.swift in Sources */,
			);
			runOnlyForDeploymentPostprocessing = 0;
		};
		A1951621A26BBD5B5F1173C4 /* Sources */ = {
			isa = PBXSourcesBuildPhase;
			buildActionMask = 2147483647;
			files = (
				C163D0D60E900AD98B788622 /* PlaceDiaryUITests.swift in Sources */,
			);
			runOnlyForDeploymentPostprocessing = 0;
		};
		F5B7931887A7D4395DDF641F /* Sources */ = {
			isa = PBXSourcesBuildPhase;
			buildActionMask = 2147483647;
			files = (
				D695FABE41CC27335135611F /* PlaceDiaryTests.swift in Sources */,
			);
			runOnlyForDeploymentPostprocessing = 0;
		};
/* End PBXSourcesBuildPhase section */

/* Begin PBXTargetDependency section */
		6CBD0D6A532E25D97A2DBB9D /* PBXTargetDependency */ = {
			isa = PBXTargetDependency;
			target = 53925CE5FA0BFB00157A6B47 /* PlaceDiary */;
			targetProxy = 191E53F10B4068FFB9BEE2BF /* PBXContainerItemProxy */;
		};
		E7BCAE7ED4DCAA8A5BD2F8B8 /* PBXTargetDependency */ = {
			isa = PBXTargetDependency;
			target = 53925CE5FA0BFB00157A6B47 /* PlaceDiary */;
			targetProxy = 94414032468BB85C2A9EE6D3 /* PBXContainerItemProxy */;
		};
/* End PBXTargetDependency section */

/* Begin PBXVariantGroup section */
		5C34559AFCD3E53686A2112A /* LaunchScreen.storyboard */ = {
			isa = PBXVariantGroup;
			children = (
				D603657641ACEE9E888A8C38 /* Base */,
			);
			name = LaunchScreen.storyboard;
			sourceTree = "<group>";
		};
/* End PBXVariantGroup section */

/* Begin XCBuildConfiguration section */
		1CDEDF9BCFB803DBACA9304A /* Debug */ = {
			isa = XCBuildConfiguration;
			baseConfigurationReference = F37CC19713B2156FC9B90E4C /* Pods-PlaceDiary-PlaceDiaryUITests.debug.xcconfig */;
			buildSettings = {
				BUNDLE_LOADER = "$(TEST_HOST)";
				DEVELOPMENT_TEAM = 2X6AD4W323;
				INFOPLIST_FILE = PlaceDiaryUITests/Info.plist;
				LD_RUNPATH_SEARCH_PATHS = (
					"$(inherited)",
					"@executable_path/Frameworks",
					"@loader_path/Frameworks",
				);
				SDKROOT = iphoneos;
				TARGETED_DEVICE_FAMILY = "1,2";
				TEST_TARGET_NAME = PlaceDiary;
			};
			name = Debug;
		};
		256D9FDA73744DB437B8012B /* Debug */ = {
			isa = XCBuildConfiguration;
			buildSettings = {
				ALWAYS_SEARCH_USER_PATHS = NO;
				CLANG_ANALYZER_NONNULL = YES;
				CLANG_ANALYZER_NUMBER_OBJECT_CONVERSION = YES_AGGRESSIVE;
				CLANG_CXX_LANGUAGE_STANDARD = "gnu++14";
				CLANG_CXX_LIBRARY = "libc++";
				CLANG_ENABLE_MODULES = YES;
				CLANG_ENABLE_OBJC_ARC = YES;
				CLANG_WARN_BLOCK_CAPTURE_AUTORELEASING = YES;
				CLANG_WARN_BOOL_CONVERSION = YES;
				CLANG_WARN_COMMA = YES;
				CLANG_WARN_CONSTANT_CONVERSION = YES;
				CLANG_WARN_DEPRECATED_OBJC_IMPLEMENTATIONS = YES;
				CLANG_WARN_DIRECT_OBJC_ISA_USAGE = YES_ERROR;
				CLANG_WARN_DOCUMENTATION_COMMENTS = YES;
				CLANG_WARN_EMPTY_BODY = YES;
				CLANG_WARN_ENUM_CONVERSION = YES;
				CLANG_WARN_INFINITE_RECURSION = YES;
				CLANG_WARN_INT_CONVERSION = YES;
				CLANG_WARN_NON_LITERAL_NULL_CONVERSION = YES;
				CLANG_WARN_OBJC_IMPLICIT_RETAIN_SELF = YES;
				CLANG_WARN_OBJC_LITERAL_CONVERSION = YES;
				CLANG_WARN_OBJC_ROOT_CLASS = YES_ERROR;
				CLANG_WARN_RANGE_LOOP_ANALYSIS = YES;
				CLANG_WARN_STRICT_PROTOTYPES = YES;
				CLANG_WARN_SUSPICIOUS_MOVE = YES;
				CLANG_WARN_UNGUARDED_AVAILABILITY = YES_AGGRESSIVE;
				CLANG_WARN_UNREACHABLE_CODE = YES;
				CLANG_WARN__DUPLICATE_METHOD_MATCH = YES;
				COPY_PHASE_STRIP = NO;
				DEBUG_INFORMATION_FORMAT = dwarf;
				ENABLE_STRICT_OBJC_MSGSEND = YES;
				ENABLE_TESTABILITY = YES;
				GCC_C_LANGUAGE_STANDARD = gnu11;
				GCC_DYNAMIC_NO_PIC = NO;
				GCC_NO_COMMON_BLOCKS = YES;
				GCC_OPTIMIZATION_LEVEL = 0;
				GCC_PREPROCESSOR_DEFINITIONS = (
					"$(inherited)",
					"DEBUG=1",
				);
				GCC_WARN_64_TO_32_BIT_CONVERSION = YES;
				GCC_WARN_ABOUT_RETURN_TYPE = YES_ERROR;
				GCC_WARN_UNDECLARED_SELECTOR = YES;
				GCC_WARN_UNINITIALIZED_AUTOS = YES_AGGRESSIVE;
				GCC_WARN_UNUSED_FUNCTION = YES;
				GCC_WARN_UNUSED_VARIABLE = YES;
				MTL_ENABLE_DEBUG_INFO = YES;
				ONLY_ACTIVE_ARCH = YES;
				PRODUCT_NAME = "$(TARGET_NAME)";
				SDKROOT = iphoneos;
				SWIFT_ACTIVE_COMPILATION_CONDITIONS = DEBUG;
				SWIFT_OPTIMIZATION_LEVEL = "-Onone";
				SWIFT_VERSION = 5.0;
			};
			name = Debug;
		};
		58D838ABC623E8D7E2401DA5 /* Debug */ = {
			isa = XCBuildConfiguration;
			baseConfigurationReference = 47E8116E31FC0EBCAFCCA4A1 /* Pods-PlaceDiaryTests.debug.xcconfig */;
			buildSettings = {
				BUNDLE_LOADER = "$(TEST_HOST)";
				DEVELOPMENT_TEAM = 2X6AD4W323;
				INFOPLIST_FILE = PlaceDiaryTests/Info.plist;
				LD_RUNPATH_SEARCH_PATHS = (
					"$(inherited)",
					"@executable_path/Frameworks",
					"@loader_path/Frameworks",
				);
				SDKROOT = iphoneos;
				TARGETED_DEVICE_FAMILY = "1,2";
				TEST_HOST = "$(BUILT_PRODUCTS_DIR)/PlaceDiary.app/PlaceDiary";
				TEST_TARGET_NAME = PlaceDiary;
			};
			name = Debug;
		};
		7F0E2D0B0EEE1DE701B85EEC /* Release */ = {
			isa = XCBuildConfiguration;
			buildSettings = {
				ALWAYS_SEARCH_USER_PATHS = NO;
				CLANG_ANALYZER_NONNULL = YES;
				CLANG_ANALYZER_NUMBER_OBJECT_CONVERSION = YES_AGGRESSIVE;
				CLANG_CXX_LANGUAGE_STANDARD = "gnu++14";
				CLANG_CXX_LIBRARY = "libc++";
				CLANG_ENABLE_MODULES = YES;
				CLANG_ENABLE_OBJC_ARC = YES;
				CLANG_WARN_BLOCK_CAPTURE_AUTORELEASING = YES;
				CLANG_WARN_BOOL_CONVERSION = YES;
				CLANG_WARN_COMMA = YES;
				CLANG_WARN_CONSTANT_CONVERSION = YES;
				CLANG_WARN_DEPRECATED_OBJC_IMPLEMENTATIONS = YES;
				CLANG_WARN_DIRECT_OBJC_ISA_USAGE = YES_ERROR;
				CLANG_WARN_DOCUMENTATION_COMMENTS = YES;
				CLANG_WARN_EMPTY_BODY = YES;
				CLANG_WARN_ENUM_CONVERSION = YES;
				CLANG_WARN_INFINITE_RECURSION = YES;
				CLANG_WARN_INT_CONVERSION = YES;
				CLANG_WARN_NON_LITERAL_NULL_CONVERSION = YES;
				CLANG_WARN_OBJC_IMPLICIT_RETAIN_SELF = YES;
				CLANG_WARN_OBJC_LITERAL_CONVERSION = YES;
				CLANG_WARN_OBJC_ROOT_CLASS = YES_ERROR;
				CLANG_WARN_RANGE_LOOP_ANALYSIS = YES;
				CLANG_WARN_STRICT_PROTOTYPES = YES;
				CLANG_WARN_SUSPICIOUS_MOVE = YES;
				CLANG_WARN_UNGUARDED_AVAILABILITY = YES_AGGRESSIVE;
				CLANG_WARN_UNREACHABLE_CODE = YES;
				CLANG_WARN__DUPLICATE_METHOD_MATCH = YES;
				COPY_PHASE_STRIP = NO;
				DEBUG_INFORMATION_FORMAT = "dwarf-with-dsym";
				ENABLE_NS_ASSERTIONS = NO;
				ENABLE_STRICT_OBJC_MSGSEND = YES;
				GCC_C_LANGUAGE_STANDARD = gnu11;
				GCC_NO_COMMON_BLOCKS = YES;
				GCC_WARN_64_TO_32_BIT_CONVERSION = YES;
				GCC_WARN_ABOUT_RETURN_TYPE = YES_ERROR;
				GCC_WARN_UNDECLARED_SELECTOR = YES;
				GCC_WARN_UNINITIALIZED_AUTOS = YES_AGGRESSIVE;
				GCC_WARN_UNUSED_FUNCTION = YES;
				GCC_WARN_UNUSED_VARIABLE = YES;
				PRODUCT_NAME = "$(TARGET_NAME)";
				SDKROOT = iphoneos;
				SWIFT_COMPILATION_MODE = wholemodule;
				SWIFT_VERSION = 5.0;
				VALIDATE_PRODUCT = YES;
			};
			name = Release;
		};
		BBE5CC1037DF3FC98F66C3FD /* Release */ = {
			isa = XCBuildConfiguration;
			baseConfigurationReference = 7094190D10DF60F422A93301 /* Pods-PlaceDiary.release.xcconfig */;
			buildSettings = {
				APP_ID_SUFFIX = "";
				ASSETCATALOG_COMPILER_APPICON_NAME = AppIcon;
				CODE_SIGN_IDENTITY = "iPhone Developer";
				CURRENT_PROJECT_VERSION = 1;
				DEVELOPMENT_TEAM = 2X6AD4W323;
				INFOPLIST_FILE = PlaceDiary/Resource/Plist/Info.plist;
				LD_RUNPATH_SEARCH_PATHS = (
					"$(inherited)",
					"@executable_path/Frameworks",
				);
				MARKETING_VERSION = 1.0.0;
				PRODUCT_BUNDLE_IDENTIFIER = "dev.fummicc1.PlaceDiary$(APP_ID_SUFFIX)";
				SDKROOT = iphoneos;
				TARGETED_DEVICE_FAMILY = "1,2";
			};
			name = Release;
		};
		BBF84FA4254F80DEBBC4FBB5 /* Debug */ = {
			isa = XCBuildConfiguration;
			baseConfigurationReference = 5FE93A26929519A085F3040E /* Pods-PlaceDiary.debug.xcconfig */;
			buildSettings = {
				APP_ID_SUFFIX = _debug;
				ASSETCATALOG_COMPILER_APPICON_NAME = AppIcon;
				CODE_SIGN_IDENTITY = "iPhone Developer";
				CURRENT_PROJECT_VERSION = 1;
				DEVELOPMENT_TEAM = 2X6AD4W323;
				INFOPLIST_FILE = PlaceDiary/Resource/Plist/Info.plist;
				LD_RUNPATH_SEARCH_PATHS = (
					"$(inherited)",
					"@executable_path/Frameworks",
				);
				MARKETING_VERSION = 1.0.0;
				PRODUCT_BUNDLE_IDENTIFIER = "dev.fummicc1.PlaceDiary$(APP_ID_SUFFIX)";
				SDKROOT = iphoneos;
				TARGETED_DEVICE_FAMILY = "1,2";
			};
			name = Debug;
		};
		E5F358B0DF8107AB895DF6B3 /* Release */ = {
			isa = XCBuildConfiguration;
			baseConfigurationReference = E6C0E607DE5F7650C9DED400 /* Pods-PlaceDiary-PlaceDiaryUITests.release.xcconfig */;
			buildSettings = {
				BUNDLE_LOADER = "$(TEST_HOST)";
				DEVELOPMENT_TEAM = 2X6AD4W323;
				INFOPLIST_FILE = PlaceDiaryUITests/Info.plist;
				LD_RUNPATH_SEARCH_PATHS = (
					"$(inherited)",
					"@executable_path/Frameworks",
					"@loader_path/Frameworks",
				);
				SDKROOT = iphoneos;
				TARGETED_DEVICE_FAMILY = "1,2";
				TEST_TARGET_NAME = PlaceDiary;
			};
			name = Release;
		};
		F723CC5A0CC0443A24468FEB /* Release */ = {
			isa = XCBuildConfiguration;
			baseConfigurationReference = 2DE0A266899AE89545943119 /* Pods-PlaceDiaryTests.release.xcconfig */;
			buildSettings = {
				BUNDLE_LOADER = "$(TEST_HOST)";
				DEVELOPMENT_TEAM = 2X6AD4W323;
				INFOPLIST_FILE = PlaceDiaryTests/Info.plist;
				LD_RUNPATH_SEARCH_PATHS = (
					"$(inherited)",
					"@executable_path/Frameworks",
					"@loader_path/Frameworks",
				);
				SDKROOT = iphoneos;
				TARGETED_DEVICE_FAMILY = "1,2";
				TEST_HOST = "$(BUILT_PRODUCTS_DIR)/PlaceDiary.app/PlaceDiary";
				TEST_TARGET_NAME = PlaceDiary;
			};
			name = Release;
		};
/* End XCBuildConfiguration section */

/* Begin XCConfigurationList section */
		562B1742B2C69707BA4DFDF7 /* Build configuration list for PBXNativeTarget "PlaceDiaryUITests" */ = {
			isa = XCConfigurationList;
			buildConfigurations = (
				1CDEDF9BCFB803DBACA9304A /* Debug */,
				E5F358B0DF8107AB895DF6B3 /* Release */,
			);
			defaultConfigurationIsVisible = 0;
			defaultConfigurationName = "";
		};
		A72E73707F39A1C8B325912C /* Build configuration list for PBXProject "PlaceDiary" */ = {
			isa = XCConfigurationList;
			buildConfigurations = (
				256D9FDA73744DB437B8012B /* Debug */,
				7F0E2D0B0EEE1DE701B85EEC /* Release */,
			);
			defaultConfigurationIsVisible = 0;
			defaultConfigurationName = Debug;
		};
		CD5B74065B086120ECB97EED /* Build configuration list for PBXNativeTarget "PlaceDiaryTests" */ = {
			isa = XCConfigurationList;
			buildConfigurations = (
				58D838ABC623E8D7E2401DA5 /* Debug */,
				F723CC5A0CC0443A24468FEB /* Release */,
			);
			defaultConfigurationIsVisible = 0;
			defaultConfigurationName = "";
		};
		F3F3B8AD7FD8C01F23780F67 /* Build configuration list for PBXNativeTarget "PlaceDiary" */ = {
			isa = XCConfigurationList;
			buildConfigurations = (
				BBF84FA4254F80DEBBC4FBB5 /* Debug */,
				BBE5CC1037DF3FC98F66C3FD /* Release */,
			);
			defaultConfigurationIsVisible = 0;
			defaultConfigurationName = "";
		};
/* End XCConfigurationList section */

/* Begin XCRemoteSwiftPackageReference section */
		A8F725A2FA9A75E231359014 /* XCRemoteSwiftPackageReference "RxSwift" */ = {
			isa = XCRemoteSwiftPackageReference;
			repositoryURL = "https://github.com/ReactiveX/RxSwift";
			requirement = {
				kind = upToNextMajorVersion;
				minimumVersion = 5.0.1;
			};
		};
		A983235851244D213B7CAFD8 /* XCRemoteSwiftPackageReference "RxSwift" */ = {
			isa = XCRemoteSwiftPackageReference;
			repositoryURL = "https://github.com/ReactiveX/RxSwift";
			requirement = {
				kind = upToNextMajorVersion;
				minimumVersion = 5.0.1;
			};
		};
		D8C99A5BCD98AB6F82896D8D /* XCRemoteSwiftPackageReference "RxSwift" */ = {
			isa = XCRemoteSwiftPackageReference;
			repositoryURL = "https://github.com/ReactiveX/RxSwift";
			requirement = {
				kind = upToNextMajorVersion;
				minimumVersion = 5.0.1;
			};
		};
/* End XCRemoteSwiftPackageReference section */

/* Begin XCSwiftPackageProductDependency section */
		B3ED919502BA0ABDB86028F7 /* RxRelay */ = {
			isa = XCSwiftPackageProductDependency;
			package = A983235851244D213B7CAFD8 /* XCRemoteSwiftPackageReference "RxSwift" */;
			productName = RxRelay;
		};
		BDA87D2F5CADA9672ACA53CD /* RxCocoa */ = {
			isa = XCSwiftPackageProductDependency;
			package = D8C99A5BCD98AB6F82896D8D /* XCRemoteSwiftPackageReference "RxSwift" */;
			productName = RxCocoa;
		};
		E87B769C3B47CE7FAEEFCF79 /* RxSwift */ = {
			isa = XCSwiftPackageProductDependency;
			package = A8F725A2FA9A75E231359014 /* XCRemoteSwiftPackageReference "RxSwift" */;
			productName = RxSwift;
		};
/* End XCSwiftPackageProductDependency section */
	};
	rootObject = 3C6EF8D99E668F403A3ABEEE /* Project object */;
}
