// !$*UTF8*$!
{
	archiveVersion = 1;
	classes = {
	};
	objectVersion = 51;
	objects = {

/* Begin PBXBuildFile section */
		4FA3E88CEB9AF06D7E7A180E /* Pods_PlaceDiary_PlaceDiaryUITests.framework in Frameworks */ = {isa = PBXBuildFile; fileRef = B8110B08AA635C3453AFBAF0 /* Pods_PlaceDiary_PlaceDiaryUITests.framework */; };
		596D757EBBF8A1E529A1D85E /* AppDelegate.swift in Sources */ = {isa = PBXBuildFile; fileRef = 701FB36B3E442BF31561393C /* AppDelegate.swift */; };
		78E27CA2F9E2606FCEDE2782 /* SceneDelegate.swift in Sources */ = {isa = PBXBuildFile; fileRef = BC77BE5C5DFC8AE455D8A7B0 /* SceneDelegate.swift */; };
		B24B3D7D52459D4D8D5C4A6E /* Pods_PlaceDiary.framework in Frameworks */ = {isa = PBXBuildFile; fileRef = 03BF99C7407BE48DCD5DF0B0 /* Pods_PlaceDiary.framework */; };
		C163D0D60E900AD98B788622 /* PlaceDiaryUITests.swift in Sources */ = {isa = PBXBuildFile; fileRef = 0358DEA95F3744C45BE84237 /* PlaceDiaryUITests.swift */; };
		CBD1A7F351334E0DD0B4E241 /* LaunchScreen.storyboard in Resources */ = {isa = PBXBuildFile; fileRef = 5C34559AFCD3E53686A2112A /* LaunchScreen.storyboard */; };
		CF8BD05AEF080D791E7911CF /* Pods_PlaceDiaryTests.framework in Frameworks */ = {isa = PBXBuildFile; fileRef = 5A4560CCD873D23EA6A6F263 /* Pods_PlaceDiaryTests.framework */; };
		D3058ECF23E208EC00432D22 /* BaseViewModel.swift in Sources */ = {isa = PBXBuildFile; fileRef = D3058ECE23E208EC00432D22 /* BaseViewModel.swift */; };
		D330E12023E31BC0004151B6 /* BottomActionBarViewModel.swift in Sources */ = {isa = PBXBuildFile; fileRef = D330E11F23E31BC0004151B6 /* BottomActionBarViewModel.swift */; };
		D330E12223E31EC5004151B6 /* HomeViewController.swift in Sources */ = {isa = PBXBuildFile; fileRef = D330E12123E31EC5004151B6 /* HomeViewController.swift */; };
		D333BD4423E0883A003E0FF4 /* FirestoreClient.swift in Sources */ = {isa = PBXBuildFile; fileRef = D333BD4123E08839003E0FF4 /* FirestoreClient.swift */; };
		D333BD4523E0883A003E0FF4 /* FirestoreCollcetionName.swift in Sources */ = {isa = PBXBuildFile; fileRef = D333BD4223E08839003E0FF4 /* FirestoreCollcetionName.swift */; };
		D333BD4623E0883A003E0FF4 /* AuthClient.swift in Sources */ = {isa = PBXBuildFile; fileRef = D333BD4323E08839003E0FF4 /* AuthClient.swift */; };
		D333BD5D23E08C2E003E0FF4 /* ClassName+Extention.swift in Sources */ = {isa = PBXBuildFile; fileRef = D333BD5723E08C2E003E0FF4 /* ClassName+Extention.swift */; };
		D333BD5E23E08C2E003E0FF4 /* Array+isNotEmpty.swift in Sources */ = {isa = PBXBuildFile; fileRef = D333BD5823E08C2E003E0FF4 /* Array+isNotEmpty.swift */; };
		D333BD5F23E08C2E003E0FF4 /* String+isNotEmpty.swift in Sources */ = {isa = PBXBuildFile; fileRef = D333BD5923E08C2E003E0FF4 /* String+isNotEmpty.swift */; };
		D333BD6023E08C2E003E0FF4 /* Array+doesNotContain.swift in Sources */ = {isa = PBXBuildFile; fileRef = D333BD5A23E08C2E003E0FF4 /* Array+doesNotContain.swift */; };
		D333BD6123E08C2E003E0FF4 /* Bool+Reverse.swift in Sources */ = {isa = PBXBuildFile; fileRef = D333BD5B23E08C2E003E0FF4 /* Bool+Reverse.swift */; };
		D333BD6223E08C2E003E0FF4 /* UIImage+Resizable.swift in Sources */ = {isa = PBXBuildFile; fileRef = D333BD5C23E08C2E003E0FF4 /* UIImage+Resizable.swift */; };
		D333BD6423E08C7F003E0FF4 /* BaseViewController.swift in Sources */ = {isa = PBXBuildFile; fileRef = D333BD6323E08C7F003E0FF4 /* BaseViewController.swift */; };
		D33AA24A23E520B6001AC8CC /* WriteDiaryChoosePlaceModel.swift in Sources */ = {isa = PBXBuildFile; fileRef = D33AA24923E520B6001AC8CC /* WriteDiaryChoosePlaceModel.swift */; };
		D364CA5423E45712004E6D20 /* WriteDiaryContentModel.swift in Sources */ = {isa = PBXBuildFile; fileRef = D364CA5323E45712004E6D20 /* WriteDiaryContentModel.swift */; };
		D364CA5623E458E3004E6D20 /* CloudStorageClient.swift in Sources */ = {isa = PBXBuildFile; fileRef = D364CA5523E458E3004E6D20 /* CloudStorageClient.swift */; };
		D37CE9CB23E20AED0037F5C3 /* Diary.swift in Sources */ = {isa = PBXBuildFile; fileRef = D37CE9CA23E20AED0037F5C3 /* Diary.swift */; };
		D37CE9CD23E20CC20037F5C3 /* AppError.swift in Sources */ = {isa = PBXBuildFile; fileRef = D37CE9CC23E20CC20037F5C3 /* AppError.swift */; };
		D3B3DB0E23E3DD940047E60B /* DiaryAnnotation.swift in Sources */ = {isa = PBXBuildFile; fileRef = D3B3DB0D23E3DD940047E60B /* DiaryAnnotation.swift */; };
		D3CB10C623E1632600413844 /* Entity.swift in Sources */ = {isa = PBXBuildFile; fileRef = D3CB10C523E1632600413844 /* Entity.swift */; };
		D3CB10C823E1634500413844 /* DiaryMapModel.swift in Sources */ = {isa = PBXBuildFile; fileRef = D3CB10C723E1634500413844 /* DiaryMapModel.swift */; };
		D3CF607623E0844800299CF4 /* GoogleService-Info-release.plist in Resources */ = {isa = PBXBuildFile; fileRef = D3CF607523E0844800299CF4 /* GoogleService-Info-release.plist */; };
		D3CF607823E0849300299CF4 /* GoogleService-Info-develop.plist in Resources */ = {isa = PBXBuildFile; fileRef = D3CF607723E0849300299CF4 /* GoogleService-Info-develop.plist */; };
		D3CF608123E086A500299CF4 /* DiaryMapViewModel.swift in Sources */ = {isa = PBXBuildFile; fileRef = D3CF608023E086A500299CF4 /* DiaryMapViewModel.swift */; };
		D3CF608423E0874700299CF4 /* DiaryMapViewController.swift in Sources */ = {isa = PBXBuildFile; fileRef = D3CF608223E0874700299CF4 /* DiaryMapViewController.swift */; };
		D3ECB41F2425DEBA00EF9A5B /* DiaryMapViewController.storyboard in Resources */ = {isa = PBXBuildFile; fileRef = D3ECB41E2425DEBA00EF9A5B /* DiaryMapViewController.storyboard */; };
		D3EEB10A24262DC1009FC8FB /* User.swift in Sources */ = {isa = PBXBuildFile; fileRef = D3EEB10924262DC1009FC8FB /* User.swift */; };
		D3EEB10D24262EE5009FC8FB /* LocatiionManager.swift in Sources */ = {isa = PBXBuildFile; fileRef = D3EEB10C24262EE5009FC8FB /* LocatiionManager.swift */; };
		D3EEB10F24263032009FC8FB /* Color.xcassets in Resources */ = {isa = PBXBuildFile; fileRef = D3EEB10E24263032009FC8FB /* Color.xcassets */; };
		D3EEB1112426314C009FC8FB /* DiaryListViewController.storyboard in Resources */ = {isa = PBXBuildFile; fileRef = D3EEB1102426314C009FC8FB /* DiaryListViewController.storyboard */; };
		D3EEB1132426315C009FC8FB /* DiaryListViewController.swift in Sources */ = {isa = PBXBuildFile; fileRef = D3EEB1122426315C009FC8FB /* DiaryListViewController.swift */; };
		D3EEB1152426327B009FC8FB /* TopBarViewController.swift in Sources */ = {isa = PBXBuildFile; fileRef = D3EEB1142426327B009FC8FB /* TopBarViewController.swift */; };
		D3EEB11724263294009FC8FB /* TopBarViewController.storyboard in Resources */ = {isa = PBXBuildFile; fileRef = D3EEB11624263294009FC8FB /* TopBarViewController.storyboard */; };
		D3EEB1192426352A009FC8FB /* BottomActionBarViewController.storyboard in Resources */ = {isa = PBXBuildFile; fileRef = D3EEB1182426352A009FC8FB /* BottomActionBarViewController.storyboard */; };
		D3EEB11B24263F53009FC8FB /* TopBarViewModel.swift in Sources */ = {isa = PBXBuildFile; fileRef = D3EEB11A24263F53009FC8FB /* TopBarViewModel.swift */; };
		D3EEB11D24263F8D009FC8FB /* DiaryListViewModel.swift in Sources */ = {isa = PBXBuildFile; fileRef = D3EEB11C24263F8D009FC8FB /* DiaryListViewModel.swift */; };
		D3EEB11F24265188009FC8FB /* MyProfileViewController.swift in Sources */ = {isa = PBXBuildFile; fileRef = D3EEB11E24265188009FC8FB /* MyProfileViewController.swift */; };
		D3EEB1212426519A009FC8FB /* MyProfileViewController.storyboard in Resources */ = {isa = PBXBuildFile; fileRef = D3EEB1202426519A009FC8FB /* MyProfileViewController.storyboard */; };
		D3F2A89D23E1E0B3008CDA97 /* BottomActionBarViewController.swift in Sources */ = {isa = PBXBuildFile; fileRef = D3F2A89C23E1E0B3008CDA97 /* BottomActionBarViewController.swift */; };
		D3F2A8A023E1ECCC008CDA97 /* R.generated.swift in Sources */ = {isa = PBXBuildFile; fileRef = D3F2A89F23E1ECCC008CDA97 /* R.generated.swift */; };
		D695FABE41CC27335135611F /* PlaceDiaryTests.swift in Sources */ = {isa = PBXBuildFile; fileRef = B07EDDD7C0E8819A4E03DC9C /* PlaceDiaryTests.swift */; };
		EED9D4043860A00CAD8638A2 /* Image.xcassets in Resources */ = {isa = PBXBuildFile; fileRef = 6F51C6773E6DC5AFEEE53523 /* Image.xcassets */; };
/* End PBXBuildFile section */

/* Begin PBXContainerItemProxy section */
		191E53F10B4068FFB9BEE2BF /* PBXContainerItemProxy */ = {
			isa = PBXContainerItemProxy;
			containerPortal = 3C6EF8D99E668F403A3ABEEE /* Project object */;
			proxyType = 1;
			remoteGlobalIDString = 53925CE5FA0BFB00157A6B47;
			remoteInfo = PlaceDiary;
		};
		94414032468BB85C2A9EE6D3 /* PBXContainerItemProxy */ = {
			isa = PBXContainerItemProxy;
			containerPortal = 3C6EF8D99E668F403A3ABEEE /* Project object */;
			proxyType = 1;
			remoteGlobalIDString = 53925CE5FA0BFB00157A6B47;
			remoteInfo = PlaceDiary;
		};
/* End PBXContainerItemProxy section */

/* Begin PBXFileReference section */
		0358DEA95F3744C45BE84237 /* PlaceDiaryUITests.swift */ = {isa = PBXFileReference; lastKnownFileType = sourcecode.swift; path = PlaceDiaryUITests.swift; sourceTree = "<group>"; };
		03BF99C7407BE48DCD5DF0B0 /* Pods_PlaceDiary.framework */ = {isa = PBXFileReference; explicitFileType = wrapper.framework; includeInIndex = 0; path = Pods_PlaceDiary.framework; sourceTree = BUILT_PRODUCTS_DIR; };
		067DD71BAE286A3C1C6BEAB0 /* Info.plist */ = {isa = PBXFileReference; lastKnownFileType = text.plist; path = Info.plist; sourceTree = "<group>"; };
		22C52CBAB919F95B7F91A7EC /* Pods-PlaceDiary.develop.xcconfig */ = {isa = PBXFileReference; includeInIndex = 1; lastKnownFileType = text.xcconfig; name = "Pods-PlaceDiary.develop.xcconfig"; path = "Target Support Files/Pods-PlaceDiary/Pods-PlaceDiary.develop.xcconfig"; sourceTree = "<group>"; };
		2DE0A266899AE89545943119 /* Pods-PlaceDiaryTests.release.xcconfig */ = {isa = PBXFileReference; includeInIndex = 1; lastKnownFileType = text.xcconfig; name = "Pods-PlaceDiaryTests.release.xcconfig"; path = "Target Support Files/Pods-PlaceDiaryTests/Pods-PlaceDiaryTests.release.xcconfig"; sourceTree = "<group>"; };
		317C14CA056BD3893AF360A4 /* Pods-PlaceDiaryTests.develop.xcconfig */ = {isa = PBXFileReference; includeInIndex = 1; lastKnownFileType = text.xcconfig; name = "Pods-PlaceDiaryTests.develop.xcconfig"; path = "Target Support Files/Pods-PlaceDiaryTests/Pods-PlaceDiaryTests.develop.xcconfig"; sourceTree = "<group>"; };
		47E8116E31FC0EBCAFCCA4A1 /* Pods-PlaceDiaryTests.debug.xcconfig */ = {isa = PBXFileReference; includeInIndex = 1; lastKnownFileType = text.xcconfig; name = "Pods-PlaceDiaryTests.debug.xcconfig"; path = "Target Support Files/Pods-PlaceDiaryTests/Pods-PlaceDiaryTests.debug.xcconfig"; sourceTree = "<group>"; };
		4A16A7F68EE7C31427F87B2A /* Pods-PlaceDiary-PlaceDiaryUITests.develop.xcconfig */ = {isa = PBXFileReference; includeInIndex = 1; lastKnownFileType = text.xcconfig; name = "Pods-PlaceDiary-PlaceDiaryUITests.develop.xcconfig"; path = "Target Support Files/Pods-PlaceDiary-PlaceDiaryUITests/Pods-PlaceDiary-PlaceDiaryUITests.develop.xcconfig"; sourceTree = "<group>"; };
		524361A427CEAA09736F47AC /* PlaceDiaryUITests.xctest */ = {isa = PBXFileReference; explicitFileType = wrapper.cfbundle; includeInIndex = 0; path = PlaceDiaryUITests.xctest; sourceTree = BUILT_PRODUCTS_DIR; };
		5A4560CCD873D23EA6A6F263 /* Pods_PlaceDiaryTests.framework */ = {isa = PBXFileReference; explicitFileType = wrapper.framework; includeInIndex = 0; path = Pods_PlaceDiaryTests.framework; sourceTree = BUILT_PRODUCTS_DIR; };
		5FE93A26929519A085F3040E /* Pods-PlaceDiary.debug.xcconfig */ = {isa = PBXFileReference; includeInIndex = 1; lastKnownFileType = text.xcconfig; name = "Pods-PlaceDiary.debug.xcconfig"; path = "Target Support Files/Pods-PlaceDiary/Pods-PlaceDiary.debug.xcconfig"; sourceTree = "<group>"; };
		6F51C6773E6DC5AFEEE53523 /* Image.xcassets */ = {isa = PBXFileReference; lastKnownFileType = folder.assetcatalog; path = Image.xcassets; sourceTree = "<group>"; };
		701FB36B3E442BF31561393C /* AppDelegate.swift */ = {isa = PBXFileReference; lastKnownFileType = sourcecode.swift; path = AppDelegate.swift; sourceTree = "<group>"; };
		7094190D10DF60F422A93301 /* Pods-PlaceDiary.release.xcconfig */ = {isa = PBXFileReference; includeInIndex = 1; lastKnownFileType = text.xcconfig; name = "Pods-PlaceDiary.release.xcconfig"; path = "Target Support Files/Pods-PlaceDiary/Pods-PlaceDiary.release.xcconfig"; sourceTree = "<group>"; };
		804B10657ADB5FAFC6C41ED7 /* Info.plist */ = {isa = PBXFileReference; lastKnownFileType = text.plist; path = Info.plist; sourceTree = "<group>"; };
		83906A6140C45BA8D714DE59 /* Info.plist */ = {isa = PBXFileReference; lastKnownFileType = text.plist; path = Info.plist; sourceTree = "<group>"; };
		A18E9E548A14E145C4853DCC /* Pods-PlaceDiary.staging.xcconfig */ = {isa = PBXFileReference; includeInIndex = 1; lastKnownFileType = text.xcconfig; name = "Pods-PlaceDiary.staging.xcconfig"; path = "Target Support Files/Pods-PlaceDiary/Pods-PlaceDiary.staging.xcconfig"; sourceTree = "<group>"; };
		A3579551AA63A5DC1D34F2A7 /* Pods-PlaceDiaryTests.staging.xcconfig */ = {isa = PBXFileReference; includeInIndex = 1; lastKnownFileType = text.xcconfig; name = "Pods-PlaceDiaryTests.staging.xcconfig"; path = "Target Support Files/Pods-PlaceDiaryTests/Pods-PlaceDiaryTests.staging.xcconfig"; sourceTree = "<group>"; };
		B07EDDD7C0E8819A4E03DC9C /* PlaceDiaryTests.swift */ = {isa = PBXFileReference; lastKnownFileType = sourcecode.swift; path = PlaceDiaryTests.swift; sourceTree = "<group>"; };
		B8110B08AA635C3453AFBAF0 /* Pods_PlaceDiary_PlaceDiaryUITests.framework */ = {isa = PBXFileReference; explicitFileType = wrapper.framework; includeInIndex = 0; path = Pods_PlaceDiary_PlaceDiaryUITests.framework; sourceTree = BUILT_PRODUCTS_DIR; };
		BC1ECAD3E64CECB73CE304BA /* Pods-PlaceDiary-PlaceDiaryUITests.staging.xcconfig */ = {isa = PBXFileReference; includeInIndex = 1; lastKnownFileType = text.xcconfig; name = "Pods-PlaceDiary-PlaceDiaryUITests.staging.xcconfig"; path = "Target Support Files/Pods-PlaceDiary-PlaceDiaryUITests/Pods-PlaceDiary-PlaceDiaryUITests.staging.xcconfig"; sourceTree = "<group>"; };
		BC77BE5C5DFC8AE455D8A7B0 /* SceneDelegate.swift */ = {isa = PBXFileReference; lastKnownFileType = sourcecode.swift; path = SceneDelegate.swift; sourceTree = "<group>"; };
		D3058ECE23E208EC00432D22 /* BaseViewModel.swift */ = {isa = PBXFileReference; lastKnownFileType = sourcecode.swift; path = BaseViewModel.swift; sourceTree = "<group>"; };
		D330E11F23E31BC0004151B6 /* BottomActionBarViewModel.swift */ = {isa = PBXFileReference; lastKnownFileType = sourcecode.swift; path = BottomActionBarViewModel.swift; sourceTree = "<group>"; };
		D330E12123E31EC5004151B6 /* HomeViewController.swift */ = {isa = PBXFileReference; lastKnownFileType = sourcecode.swift; path = HomeViewController.swift; sourceTree = "<group>"; };
		D333BD4123E08839003E0FF4 /* FirestoreClient.swift */ = {isa = PBXFileReference; fileEncoding = 4; lastKnownFileType = sourcecode.swift; path = FirestoreClient.swift; sourceTree = "<group>"; };
		D333BD4223E08839003E0FF4 /* FirestoreCollcetionName.swift */ = {isa = PBXFileReference; fileEncoding = 4; lastKnownFileType = sourcecode.swift; path = FirestoreCollcetionName.swift; sourceTree = "<group>"; };
		D333BD4323E08839003E0FF4 /* AuthClient.swift */ = {isa = PBXFileReference; fileEncoding = 4; lastKnownFileType = sourcecode.swift; path = AuthClient.swift; sourceTree = "<group>"; };
		D333BD5723E08C2E003E0FF4 /* ClassName+Extention.swift */ = {isa = PBXFileReference; fileEncoding = 4; lastKnownFileType = sourcecode.swift; path = "ClassName+Extention.swift"; sourceTree = "<group>"; };
		D333BD5823E08C2E003E0FF4 /* Array+isNotEmpty.swift */ = {isa = PBXFileReference; fileEncoding = 4; lastKnownFileType = sourcecode.swift; path = "Array+isNotEmpty.swift"; sourceTree = "<group>"; };
		D333BD5923E08C2E003E0FF4 /* String+isNotEmpty.swift */ = {isa = PBXFileReference; fileEncoding = 4; lastKnownFileType = sourcecode.swift; path = "String+isNotEmpty.swift"; sourceTree = "<group>"; };
		D333BD5A23E08C2E003E0FF4 /* Array+doesNotContain.swift */ = {isa = PBXFileReference; fileEncoding = 4; lastKnownFileType = sourcecode.swift; path = "Array+doesNotContain.swift"; sourceTree = "<group>"; };
		D333BD5B23E08C2E003E0FF4 /* Bool+Reverse.swift */ = {isa = PBXFileReference; fileEncoding = 4; lastKnownFileType = sourcecode.swift; path = "Bool+Reverse.swift"; sourceTree = "<group>"; };
		D333BD5C23E08C2E003E0FF4 /* UIImage+Resizable.swift */ = {isa = PBXFileReference; fileEncoding = 4; lastKnownFileType = sourcecode.swift; path = "UIImage+Resizable.swift"; sourceTree = "<group>"; };
		D333BD6323E08C7F003E0FF4 /* BaseViewController.swift */ = {isa = PBXFileReference; lastKnownFileType = sourcecode.swift; path = BaseViewController.swift; sourceTree = "<group>"; };
		D33AA24923E520B6001AC8CC /* WriteDiaryChoosePlaceModel.swift */ = {isa = PBXFileReference; lastKnownFileType = sourcecode.swift; path = WriteDiaryChoosePlaceModel.swift; sourceTree = "<group>"; };
		D364CA5323E45712004E6D20 /* WriteDiaryContentModel.swift */ = {isa = PBXFileReference; lastKnownFileType = sourcecode.swift; path = WriteDiaryContentModel.swift; sourceTree = "<group>"; };
		D364CA5523E458E3004E6D20 /* CloudStorageClient.swift */ = {isa = PBXFileReference; lastKnownFileType = sourcecode.swift; path = CloudStorageClient.swift; sourceTree = "<group>"; };
		D37CE9CA23E20AED0037F5C3 /* Diary.swift */ = {isa = PBXFileReference; lastKnownFileType = sourcecode.swift; path = Diary.swift; sourceTree = "<group>"; };
		D37CE9CC23E20CC20037F5C3 /* AppError.swift */ = {isa = PBXFileReference; lastKnownFileType = sourcecode.swift; path = AppError.swift; sourceTree = "<group>"; };
		D3B3DB0D23E3DD940047E60B /* DiaryAnnotation.swift */ = {isa = PBXFileReference; lastKnownFileType = sourcecode.swift; path = DiaryAnnotation.swift; sourceTree = "<group>"; };
		D3CB10C523E1632600413844 /* Entity.swift */ = {isa = PBXFileReference; lastKnownFileType = sourcecode.swift; path = Entity.swift; sourceTree = "<group>"; };
		D3CB10C723E1634500413844 /* DiaryMapModel.swift */ = {isa = PBXFileReference; fileEncoding = 4; lastKnownFileType = sourcecode.swift; path = DiaryMapModel.swift; sourceTree = "<group>"; };
		D3CF607523E0844800299CF4 /* GoogleService-Info-release.plist */ = {isa = PBXFileReference; fileEncoding = 4; lastKnownFileType = text.plist.xml; path = "GoogleService-Info-release.plist"; sourceTree = "<group>"; };
		D3CF607723E0849300299CF4 /* GoogleService-Info-develop.plist */ = {isa = PBXFileReference; fileEncoding = 4; lastKnownFileType = text.plist.xml; path = "GoogleService-Info-develop.plist"; sourceTree = "<group>"; };
		D3CF608023E086A500299CF4 /* DiaryMapViewModel.swift */ = {isa = PBXFileReference; lastKnownFileType = sourcecode.swift; path = DiaryMapViewModel.swift; sourceTree = "<group>"; };
		D3CF608223E0874700299CF4 /* DiaryMapViewController.swift */ = {isa = PBXFileReference; lastKnownFileType = sourcecode.swift; path = DiaryMapViewController.swift; sourceTree = "<group>"; };
		D3ECB41E2425DEBA00EF9A5B /* DiaryMapViewController.storyboard */ = {isa = PBXFileReference; lastKnownFileType = file.storyboard; path = DiaryMapViewController.storyboard; sourceTree = "<group>"; };
		D3EEB10924262DC1009FC8FB /* User.swift */ = {isa = PBXFileReference; lastKnownFileType = sourcecode.swift; path = User.swift; sourceTree = "<group>"; };
		D3EEB10C24262EE5009FC8FB /* LocatiionManager.swift */ = {isa = PBXFileReference; lastKnownFileType = sourcecode.swift; path = LocatiionManager.swift; sourceTree = "<group>"; };
		D3EEB10E24263032009FC8FB /* Color.xcassets */ = {isa = PBXFileReference; lastKnownFileType = folder.assetcatalog; path = Color.xcassets; sourceTree = "<group>"; };
		D3EEB1102426314C009FC8FB /* DiaryListViewController.storyboard */ = {isa = PBXFileReference; lastKnownFileType = file.storyboard; path = DiaryListViewController.storyboard; sourceTree = "<group>"; };
		D3EEB1122426315C009FC8FB /* DiaryListViewController.swift */ = {isa = PBXFileReference; lastKnownFileType = sourcecode.swift; path = DiaryListViewController.swift; sourceTree = "<group>"; };
		D3EEB1142426327B009FC8FB /* TopBarViewController.swift */ = {isa = PBXFileReference; lastKnownFileType = sourcecode.swift; path = TopBarViewController.swift; sourceTree = "<group>"; };
		D3EEB11624263294009FC8FB /* TopBarViewController.storyboard */ = {isa = PBXFileReference; lastKnownFileType = file.storyboard; path = TopBarViewController.storyboard; sourceTree = "<group>"; };
		D3EEB1182426352A009FC8FB /* BottomActionBarViewController.storyboard */ = {isa = PBXFileReference; lastKnownFileType = file.storyboard; path = BottomActionBarViewController.storyboard; sourceTree = "<group>"; };
		D3EEB11A24263F53009FC8FB /* TopBarViewModel.swift */ = {isa = PBXFileReference; lastKnownFileType = sourcecode.swift; path = TopBarViewModel.swift; sourceTree = "<group>"; };
		D3EEB11C24263F8D009FC8FB /* DiaryListViewModel.swift */ = {isa = PBXFileReference; lastKnownFileType = sourcecode.swift; path = DiaryListViewModel.swift; sourceTree = "<group>"; };
		D3EEB11E24265188009FC8FB /* MyProfileViewController.swift */ = {isa = PBXFileReference; lastKnownFileType = sourcecode.swift; path = MyProfileViewController.swift; sourceTree = "<group>"; };
		D3EEB1202426519A009FC8FB /* MyProfileViewController.storyboard */ = {isa = PBXFileReference; lastKnownFileType = file.storyboard; path = MyProfileViewController.storyboard; sourceTree = "<group>"; };
		D3F2A89C23E1E0B3008CDA97 /* BottomActionBarViewController.swift */ = {isa = PBXFileReference; lastKnownFileType = sourcecode.swift; path = BottomActionBarViewController.swift; sourceTree = "<group>"; };
		D3F2A89F23E1ECCC008CDA97 /* R.generated.swift */ = {isa = PBXFileReference; fileEncoding = 4; lastKnownFileType = sourcecode.swift; path = R.generated.swift; sourceTree = SOURCE_ROOT; };
		D603657641ACEE9E888A8C38 /* Base */ = {isa = PBXFileReference; lastKnownFileType = file.storyboard; name = Base; path = Base.lproj/LaunchScreen.storyboard; sourceTree = "<group>"; };
		D6FECA2586FEAA3306335E44 /* PlaceDiaryTests.xctest */ = {isa = PBXFileReference; explicitFileType = wrapper.cfbundle; includeInIndex = 0; path = PlaceDiaryTests.xctest; sourceTree = BUILT_PRODUCTS_DIR; };
		E6C0E607DE5F7650C9DED400 /* Pods-PlaceDiary-PlaceDiaryUITests.release.xcconfig */ = {isa = PBXFileReference; includeInIndex = 1; lastKnownFileType = text.xcconfig; name = "Pods-PlaceDiary-PlaceDiaryUITests.release.xcconfig"; path = "Target Support Files/Pods-PlaceDiary-PlaceDiaryUITests/Pods-PlaceDiary-PlaceDiaryUITests.release.xcconfig"; sourceTree = "<group>"; };
		EF93F60EF3AE975EBA00B916 /* PlaceDiary.app */ = {isa = PBXFileReference; explicitFileType = wrapper.application; includeInIndex = 0; path = PlaceDiary.app; sourceTree = BUILT_PRODUCTS_DIR; };
		F37CC19713B2156FC9B90E4C /* Pods-PlaceDiary-PlaceDiaryUITests.debug.xcconfig */ = {isa = PBXFileReference; includeInIndex = 1; lastKnownFileType = text.xcconfig; name = "Pods-PlaceDiary-PlaceDiaryUITests.debug.xcconfig"; path = "Target Support Files/Pods-PlaceDiary-PlaceDiaryUITests/Pods-PlaceDiary-PlaceDiaryUITests.debug.xcconfig"; sourceTree = "<group>"; };
/* End PBXFileReference section */

/* Begin PBXFrameworksBuildPhase section */
		5A2D4A48071342F667429ED6 /* Frameworks */ = {
			isa = PBXFrameworksBuildPhase;
			buildActionMask = 2147483647;
			files = (
				CF8BD05AEF080D791E7911CF /* Pods_PlaceDiaryTests.framework in Frameworks */,
			);
			runOnlyForDeploymentPostprocessing = 0;
		};
		63D5169D862CA9C37AE69C85 /* Frameworks */ = {
			isa = PBXFrameworksBuildPhase;
			buildActionMask = 2147483647;
			files = (
				4FA3E88CEB9AF06D7E7A180E /* Pods_PlaceDiary_PlaceDiaryUITests.framework in Frameworks */,
			);
			runOnlyForDeploymentPostprocessing = 0;
		};
		8AE1A7EDD9592DA382CBD72F /* Frameworks */ = {
			isa = PBXFrameworksBuildPhase;
			buildActionMask = 2147483647;
			files = (
				B24B3D7D52459D4D8D5C4A6E /* Pods_PlaceDiary.framework in Frameworks */,
			);
			runOnlyForDeploymentPostprocessing = 0;
		};
/* End PBXFrameworksBuildPhase section */

/* Begin PBXGroup section */
		0470ECAA1F449EA2D67E4D4E /* Products */ = {
			isa = PBXGroup;
			children = (
				EF93F60EF3AE975EBA00B916 /* PlaceDiary.app */,
				D6FECA2586FEAA3306335E44 /* PlaceDiaryTests.xctest */,
				524361A427CEAA09736F47AC /* PlaceDiaryUITests.xctest */,
			);
			name = Products;
			sourceTree = "<group>";
		};
		0B213D30C16A8F4DB5D80660 /* Plist */ = {
			isa = PBXGroup;
			children = (
				D3CF607723E0849300299CF4 /* GoogleService-Info-develop.plist */,
				D3CF607523E0844800299CF4 /* GoogleService-Info-release.plist */,
				067DD71BAE286A3C1C6BEAB0 /* Info.plist */,
			);
			path = Plist;
			sourceTree = "<group>";
		};
		22BF559DE1FED298713890EB = {
			isa = PBXGroup;
			children = (
				D6F9A714CFF0AEB0C6B944CB /* PlaceDiary */,
				76D27962EEBD85F76C138DF1 /* PlaceDiaryTests */,
				A9AC9C61F1D7ED549881768C /* PlaceDiaryUITests */,
				0470ECAA1F449EA2D67E4D4E /* Products */,
				DBCD4FBFB7187DCBD6715C31 /* Pods */,
				7403AF273B03CD6DCAF037AD /* Frameworks */,
			);
			sourceTree = "<group>";
		};
		7403AF273B03CD6DCAF037AD /* Frameworks */ = {
			isa = PBXGroup;
			children = (
				03BF99C7407BE48DCD5DF0B0 /* Pods_PlaceDiary.framework */,
				B8110B08AA635C3453AFBAF0 /* Pods_PlaceDiary_PlaceDiaryUITests.framework */,
				5A4560CCD873D23EA6A6F263 /* Pods_PlaceDiaryTests.framework */,
			);
			name = Frameworks;
			sourceTree = "<group>";
		};
		76D27962EEBD85F76C138DF1 /* PlaceDiaryTests */ = {
			isa = PBXGroup;
			children = (
				83906A6140C45BA8D714DE59 /* Info.plist */,
				B07EDDD7C0E8819A4E03DC9C /* PlaceDiaryTests.swift */,
			);
			path = PlaceDiaryTests;
			sourceTree = "<group>";
		};
		A9AC9C61F1D7ED549881768C /* PlaceDiaryUITests */ = {
			isa = PBXGroup;
			children = (
				804B10657ADB5FAFC6C41ED7 /* Info.plist */,
				0358DEA95F3744C45BE84237 /* PlaceDiaryUITests.swift */,
			);
			path = PlaceDiaryUITests;
			sourceTree = "<group>";
		};
		C9DE21808958565AE8728756 /* Resource */ = {
			isa = PBXGroup;
			children = (
				D3EEB10E24263032009FC8FB /* Color.xcassets */,
				6F51C6773E6DC5AFEEE53523 /* Image.xcassets */,
				5C34559AFCD3E53686A2112A /* LaunchScreen.storyboard */,
				0B213D30C16A8F4DB5D80660 /* Plist */,
				D3ECB41D2425DE7C00EF9A5B /* Storyboard */,
			);
			path = Resource;
			sourceTree = "<group>";
		};
		D333BD4023E0880B003E0FF4 /* Extensions */ = {
			isa = PBXGroup;
			children = (
				D333BD5A23E08C2E003E0FF4 /* Array+doesNotContain.swift */,
				D333BD5823E08C2E003E0FF4 /* Array+isNotEmpty.swift */,
				D333BD5B23E08C2E003E0FF4 /* Bool+Reverse.swift */,
				D333BD5723E08C2E003E0FF4 /* ClassName+Extention.swift */,
				D333BD5923E08C2E003E0FF4 /* String+isNotEmpty.swift */,
				D333BD5C23E08C2E003E0FF4 /* UIImage+Resizable.swift */,
			);
			path = Extensions;
			sourceTree = "<group>";
		};
		D3506A0823E1FD730003BCFD /* Components */ = {
			isa = PBXGroup;
			children = (
				D333BD6323E08C7F003E0FF4 /* BaseViewController.swift */,
				D3058ECE23E208EC00432D22 /* BaseViewModel.swift */,
				D3B3DB0D23E3DD940047E60B /* DiaryAnnotation.swift */,
			);
			path = Components;
			sourceTree = "<group>";
		};
		D3CB10C423E1631E00413844 /* Data */ = {
			isa = PBXGroup;
			children = (
				D3CB10C523E1632600413844 /* Entity.swift */,
				D37CE9CA23E20AED0037F5C3 /* Diary.swift */,
				D3EEB10924262DC1009FC8FB /* User.swift */,
			);
			path = Data;
			sourceTree = "<group>";
		};
		D3CF607423E082C900299CF4 /* Source */ = {
			isa = PBXGroup;
			children = (
				D3CF607D23E085B900299CF4 /* API */,
				D3CF607F23E085CA00299CF4 /* Common */,
				D3506A0823E1FD730003BCFD /* Components */,
				D3CB10C423E1631E00413844 /* Data */,
				D333BD4023E0880B003E0FF4 /* Extensions */,
				D3EEB10B24262EA4009FC8FB /* Manager */,
				D3CF607C23E085B500299CF4 /* Model */,
				D3CF607923E0859600299CF4 /* ViewController */,
				D3CF607A23E0859A00299CF4 /* ViewModel */,
			);
			path = Source;
			sourceTree = "<group>";
		};
		D3CF607923E0859600299CF4 /* ViewController */ = {
			isa = PBXGroup;
			children = (
				D3F2A89C23E1E0B3008CDA97 /* BottomActionBarViewController.swift */,
				D3CF608223E0874700299CF4 /* DiaryMapViewController.swift */,
				D330E12123E31EC5004151B6 /* HomeViewController.swift */,
				D3EEB1122426315C009FC8FB /* DiaryListViewController.swift */,
				D3EEB1142426327B009FC8FB /* TopBarViewController.swift */,
				D3EEB11E24265188009FC8FB /* MyProfileViewController.swift */,
			);
			path = ViewController;
			sourceTree = "<group>";
		};
		D3CF607A23E0859A00299CF4 /* ViewModel */ = {
			isa = PBXGroup;
			children = (
				D3CF608023E086A500299CF4 /* DiaryMapViewModel.swift */,
				D330E11F23E31BC0004151B6 /* BottomActionBarViewModel.swift */,
				D3EEB11A24263F53009FC8FB /* TopBarViewModel.swift */,
				D3EEB11C24263F8D009FC8FB /* DiaryListViewModel.swift */,
			);
			path = ViewModel;
			sourceTree = "<group>";
		};
		D3CF607C23E085B500299CF4 /* Model */ = {
			isa = PBXGroup;
			children = (
				D3CB10C723E1634500413844 /* DiaryMapModel.swift */,
				D364CA5323E45712004E6D20 /* WriteDiaryContentModel.swift */,
				D33AA24923E520B6001AC8CC /* WriteDiaryChoosePlaceModel.swift */,
			);
			path = Model;
			sourceTree = "<group>";
		};
		D3CF607D23E085B900299CF4 /* API */ = {
			isa = PBXGroup;
			children = (
				D333BD4323E08839003E0FF4 /* AuthClient.swift */,
				D333BD4123E08839003E0FF4 /* FirestoreClient.swift */,
				D333BD4223E08839003E0FF4 /* FirestoreCollcetionName.swift */,
				D364CA5523E458E3004E6D20 /* CloudStorageClient.swift */,
			);
			path = API;
			sourceTree = "<group>";
		};
		D3CF607F23E085CA00299CF4 /* Common */ = {
			isa = PBXGroup;
			children = (
				D3F2A89F23E1ECCC008CDA97 /* R.generated.swift */,
				701FB36B3E442BF31561393C /* AppDelegate.swift */,
				BC77BE5C5DFC8AE455D8A7B0 /* SceneDelegate.swift */,
				D37CE9CC23E20CC20037F5C3 /* AppError.swift */,
			);
			path = Common;
			sourceTree = "<group>";
		};
		D3ECB41D2425DE7C00EF9A5B /* Storyboard */ = {
			isa = PBXGroup;
			children = (
				D3ECB41E2425DEBA00EF9A5B /* DiaryMapViewController.storyboard */,
				D3EEB1102426314C009FC8FB /* DiaryListViewController.storyboard */,
				D3EEB11624263294009FC8FB /* TopBarViewController.storyboard */,
				D3EEB1182426352A009FC8FB /* BottomActionBarViewController.storyboard */,
				D3EEB1202426519A009FC8FB /* MyProfileViewController.storyboard */,
			);
			path = Storyboard;
			sourceTree = "<group>";
		};
		D3EEB10B24262EA4009FC8FB /* Manager */ = {
			isa = PBXGroup;
			children = (
				D3EEB10C24262EE5009FC8FB /* LocatiionManager.swift */,
			);
			path = Manager;
			sourceTree = "<group>";
		};
		D6F9A714CFF0AEB0C6B944CB /* PlaceDiary */ = {
			isa = PBXGroup;
			children = (
				D3CF607423E082C900299CF4 /* Source */,
				C9DE21808958565AE8728756 /* Resource */,
			);
			path = PlaceDiary;
			sourceTree = "<group>";
		};
		DBCD4FBFB7187DCBD6715C31 /* Pods */ = {
			isa = PBXGroup;
			children = (
				5FE93A26929519A085F3040E /* Pods-PlaceDiary.debug.xcconfig */,
				7094190D10DF60F422A93301 /* Pods-PlaceDiary.release.xcconfig */,
				F37CC19713B2156FC9B90E4C /* Pods-PlaceDiary-PlaceDiaryUITests.debug.xcconfig */,
				E6C0E607DE5F7650C9DED400 /* Pods-PlaceDiary-PlaceDiaryUITests.release.xcconfig */,
				47E8116E31FC0EBCAFCCA4A1 /* Pods-PlaceDiaryTests.debug.xcconfig */,
				2DE0A266899AE89545943119 /* Pods-PlaceDiaryTests.release.xcconfig */,
				22C52CBAB919F95B7F91A7EC /* Pods-PlaceDiary.develop.xcconfig */,
				A18E9E548A14E145C4853DCC /* Pods-PlaceDiary.staging.xcconfig */,
				4A16A7F68EE7C31427F87B2A /* Pods-PlaceDiary-PlaceDiaryUITests.develop.xcconfig */,
				BC1ECAD3E64CECB73CE304BA /* Pods-PlaceDiary-PlaceDiaryUITests.staging.xcconfig */,
				317C14CA056BD3893AF360A4 /* Pods-PlaceDiaryTests.develop.xcconfig */,
				A3579551AA63A5DC1D34F2A7 /* Pods-PlaceDiaryTests.staging.xcconfig */,
			);
			path = Pods;
			sourceTree = "<group>";
		};
/* End PBXGroup section */

/* Begin PBXNativeTarget section */
		421A9C8F7577DD1A30B9F22F /* PlaceDiaryTests */ = {
			isa = PBXNativeTarget;
			buildConfigurationList = CD5B74065B086120ECB97EED /* Build configuration list for PBXNativeTarget "PlaceDiaryTests" */;
			buildPhases = (
				2D0AC862F3CB629F16431053 /* [CP] Check Pods Manifest.lock */,
				F5B7931887A7D4395DDF641F /* Sources */,
				5A2D4A48071342F667429ED6 /* Frameworks */,
				2FF5AA15FAE5FA8077CF295C /* [CP] Embed Pods Frameworks */,
			);
			buildRules = (
			);
			dependencies = (
				6CBD0D6A532E25D97A2DBB9D /* PBXTargetDependency */,
			);
			name = PlaceDiaryTests;
			productName = PlaceDiaryTests;
			productReference = D6FECA2586FEAA3306335E44 /* PlaceDiaryTests.xctest */;
			productType = "com.apple.product-type.bundle.unit-test";
		};
		53925CE5FA0BFB00157A6B47 /* PlaceDiary */ = {
			isa = PBXNativeTarget;
			buildConfigurationList = F3F3B8AD7FD8C01F23780F67 /* Build configuration list for PBXNativeTarget "PlaceDiary" */;
			buildPhases = (
				0DAB40C197627A0A0A2702A2 /* [CP] Check Pods Manifest.lock */,
				D3F2A89E23E1EB53008CDA97 /* R.swift */,
				0DEDEC0C7D44A918BDD71BAB /* Sources */,
				49DC9BECDE0365E8612EBD39 /* Resources */,
				8AE1A7EDD9592DA382CBD72F /* Frameworks */,
				BEA34D84C815ADE537071D12 /* [CP] Embed Pods Frameworks */,
				D3ECB4182425DD7D00EF9A5B /* GoogleService-Info */,
			);
			buildRules = (
			);
			dependencies = (
			);
			name = PlaceDiary;
			productName = PlaceDiary;
			productReference = EF93F60EF3AE975EBA00B916 /* PlaceDiary.app */;
			productType = "com.apple.product-type.application";
		};
		A82F5E6E57DC18DC03117500 /* PlaceDiaryUITests */ = {
			isa = PBXNativeTarget;
			buildConfigurationList = 562B1742B2C69707BA4DFDF7 /* Build configuration list for PBXNativeTarget "PlaceDiaryUITests" */;
			buildPhases = (
				C2FCC10FE91677E19360EFA6 /* [CP] Check Pods Manifest.lock */,
				A1951621A26BBD5B5F1173C4 /* Sources */,
				63D5169D862CA9C37AE69C85 /* Frameworks */,
				DF6BFFCF6EA690C9255A4B53 /* [CP] Embed Pods Frameworks */,
			);
			buildRules = (
			);
			dependencies = (
				E7BCAE7ED4DCAA8A5BD2F8B8 /* PBXTargetDependency */,
			);
			name = PlaceDiaryUITests;
			productName = PlaceDiaryUITests;
			productReference = 524361A427CEAA09736F47AC /* PlaceDiaryUITests.xctest */;
			productType = "com.apple.product-type.bundle.ui-testing";
		};
/* End PBXNativeTarget section */

/* Begin PBXProject section */
		3C6EF8D99E668F403A3ABEEE /* Project object */ = {
			isa = PBXProject;
			attributes = {
				LastUpgradeCheck = 1020;
				TargetAttributes = {
					421A9C8F7577DD1A30B9F22F = {
						TestTargetID = 53925CE5FA0BFB00157A6B47;
					};
					A82F5E6E57DC18DC03117500 = {
						TestTargetID = 53925CE5FA0BFB00157A6B47;
					};
				};
			};
			buildConfigurationList = A72E73707F39A1C8B325912C /* Build configuration list for PBXProject "PlaceDiary" */;
			compatibilityVersion = "Xcode 10.0";
			developmentRegion = en;
			hasScannedForEncodings = 0;
			knownRegions = (
				en,
				Base,
			);
			mainGroup = 22BF559DE1FED298713890EB;
			productRefGroup = 0470ECAA1F449EA2D67E4D4E /* Products */;
			projectDirPath = "";
			projectRoot = "";
			targets = (
				53925CE5FA0BFB00157A6B47 /* PlaceDiary */,
				421A9C8F7577DD1A30B9F22F /* PlaceDiaryTests */,
				A82F5E6E57DC18DC03117500 /* PlaceDiaryUITests */,
			);
		};
/* End PBXProject section */

/* Begin PBXResourcesBuildPhase section */
		49DC9BECDE0365E8612EBD39 /* Resources */ = {
			isa = PBXResourcesBuildPhase;
			buildActionMask = 2147483647;
			files = (
				D3CF607623E0844800299CF4 /* GoogleService-Info-release.plist in Resources */,
				D3EEB1112426314C009FC8FB /* DiaryListViewController.storyboard in Resources */,
				D3CF607823E0849300299CF4 /* GoogleService-Info-develop.plist in Resources */,
				D3ECB41F2425DEBA00EF9A5B /* DiaryMapViewController.storyboard in Resources */,
				D3EEB1192426352A009FC8FB /* BottomActionBarViewController.storyboard in Resources */,
				D3EEB1212426519A009FC8FB /* MyProfileViewController.storyboard in Resources */,
				EED9D4043860A00CAD8638A2 /* Image.xcassets in Resources */,
				D3EEB11724263294009FC8FB /* TopBarViewController.storyboard in Resources */,
				CBD1A7F351334E0DD0B4E241 /* LaunchScreen.storyboard in Resources */,
				D3EEB10F24263032009FC8FB /* Color.xcassets in Resources */,
			);
			runOnlyForDeploymentPostprocessing = 0;
		};
/* End PBXResourcesBuildPhase section */

/* Begin PBXShellScriptBuildPhase section */
		0DAB40C197627A0A0A2702A2 /* [CP] Check Pods Manifest.lock */ = {
			isa = PBXShellScriptBuildPhase;
			buildActionMask = 2147483647;
			files = (
			);
			inputFileListPaths = (
			);
			inputPaths = (
				"${PODS_PODFILE_DIR_PATH}/Podfile.lock",
				"${PODS_ROOT}/Manifest.lock",
			);
			name = "[CP] Check Pods Manifest.lock";
			outputFileListPaths = (
			);
			outputPaths = (
				"$(DERIVED_FILE_DIR)/Pods-PlaceDiary-checkManifestLockResult.txt",
			);
			runOnlyForDeploymentPostprocessing = 0;
			shellPath = /bin/sh;
			shellScript = "diff \"${PODS_PODFILE_DIR_PATH}/Podfile.lock\" \"${PODS_ROOT}/Manifest.lock\" > /dev/null\nif [ $? != 0 ] ; then\n    # print error to STDERR\n    echo \"error: The sandbox is not in sync with the Podfile.lock. Run 'pod install' or update your CocoaPods installation.\" >&2\n    exit 1\nfi\n# This output is used by Xcode 'outputs' to avoid re-running this script phase.\necho \"SUCCESS\" > \"${SCRIPT_OUTPUT_FILE_0}\"\n";
			showEnvVarsInLog = 0;
		};
		2D0AC862F3CB629F16431053 /* [CP] Check Pods Manifest.lock */ = {
			isa = PBXShellScriptBuildPhase;
			buildActionMask = 2147483647;
			files = (
			);
			inputFileListPaths = (
			);
			inputPaths = (
				"${PODS_PODFILE_DIR_PATH}/Podfile.lock",
				"${PODS_ROOT}/Manifest.lock",
			);
			name = "[CP] Check Pods Manifest.lock";
			outputFileListPaths = (
			);
			outputPaths = (
				"$(DERIVED_FILE_DIR)/Pods-PlaceDiaryTests-checkManifestLockResult.txt",
			);
			runOnlyForDeploymentPostprocessing = 0;
			shellPath = /bin/sh;
			shellScript = "diff \"${PODS_PODFILE_DIR_PATH}/Podfile.lock\" \"${PODS_ROOT}/Manifest.lock\" > /dev/null\nif [ $? != 0 ] ; then\n    # print error to STDERR\n    echo \"error: The sandbox is not in sync with the Podfile.lock. Run 'pod install' or update your CocoaPods installation.\" >&2\n    exit 1\nfi\n# This output is used by Xcode 'outputs' to avoid re-running this script phase.\necho \"SUCCESS\" > \"${SCRIPT_OUTPUT_FILE_0}\"\n";
			showEnvVarsInLog = 0;
		};
		2FF5AA15FAE5FA8077CF295C /* [CP] Embed Pods Frameworks */ = {
			isa = PBXShellScriptBuildPhase;
			buildActionMask = 2147483647;
			files = (
			);
			inputFileListPaths = (
				"${PODS_ROOT}/Target Support Files/Pods-PlaceDiaryTests/Pods-PlaceDiaryTests-frameworks-${CONFIGURATION}-input-files.xcfilelist",
			);
			name = "[CP] Embed Pods Frameworks";
			outputFileListPaths = (
				"${PODS_ROOT}/Target Support Files/Pods-PlaceDiaryTests/Pods-PlaceDiaryTests-frameworks-${CONFIGURATION}-output-files.xcfilelist",
			);
			runOnlyForDeploymentPostprocessing = 0;
			shellPath = /bin/sh;
			shellScript = "\"${PODS_ROOT}/Target Support Files/Pods-PlaceDiaryTests/Pods-PlaceDiaryTests-frameworks.sh\"\n";
			showEnvVarsInLog = 0;
		};
		BEA34D84C815ADE537071D12 /* [CP] Embed Pods Frameworks */ = {
			isa = PBXShellScriptBuildPhase;
			buildActionMask = 2147483647;
			files = (
			);
			inputFileListPaths = (
				"${PODS_ROOT}/Target Support Files/Pods-PlaceDiary/Pods-PlaceDiary-frameworks-${CONFIGURATION}-input-files.xcfilelist",
			);
			name = "[CP] Embed Pods Frameworks";
			outputFileListPaths = (
				"${PODS_ROOT}/Target Support Files/Pods-PlaceDiary/Pods-PlaceDiary-frameworks-${CONFIGURATION}-output-files.xcfilelist",
			);
			runOnlyForDeploymentPostprocessing = 0;
			shellPath = /bin/sh;
			shellScript = "\"${PODS_ROOT}/Target Support Files/Pods-PlaceDiary/Pods-PlaceDiary-frameworks.sh\"\n";
			showEnvVarsInLog = 0;
		};
		C2FCC10FE91677E19360EFA6 /* [CP] Check Pods Manifest.lock */ = {
			isa = PBXShellScriptBuildPhase;
			buildActionMask = 2147483647;
			files = (
			);
			inputFileListPaths = (
			);
			inputPaths = (
				"${PODS_PODFILE_DIR_PATH}/Podfile.lock",
				"${PODS_ROOT}/Manifest.lock",
			);
			name = "[CP] Check Pods Manifest.lock";
			outputFileListPaths = (
			);
			outputPaths = (
				"$(DERIVED_FILE_DIR)/Pods-PlaceDiary-PlaceDiaryUITests-checkManifestLockResult.txt",
			);
			runOnlyForDeploymentPostprocessing = 0;
			shellPath = /bin/sh;
			shellScript = "diff \"${PODS_PODFILE_DIR_PATH}/Podfile.lock\" \"${PODS_ROOT}/Manifest.lock\" > /dev/null\nif [ $? != 0 ] ; then\n    # print error to STDERR\n    echo \"error: The sandbox is not in sync with the Podfile.lock. Run 'pod install' or update your CocoaPods installation.\" >&2\n    exit 1\nfi\n# This output is used by Xcode 'outputs' to avoid re-running this script phase.\necho \"SUCCESS\" > \"${SCRIPT_OUTPUT_FILE_0}\"\n";
			showEnvVarsInLog = 0;
		};
		D3ECB4182425DD7D00EF9A5B /* GoogleService-Info */ = {
			isa = PBXShellScriptBuildPhase;
			buildActionMask = 2147483647;
			files = (
			);
			inputFileListPaths = (
			);
			inputPaths = (
			);
			name = "GoogleService-Info";
			outputFileListPaths = (
			);
			outputPaths = (
			);
			runOnlyForDeploymentPostprocessing = 0;
			shellPath = /bin/sh;
			shellScript = "if [ \"${CONFIGURATION}\" == \"Release\" ]\nthen\n    cp \"${PROJECT_DIR}/${PROJECT_NAME}/Resource/Plist/GoogleService-Info-release.plist\" \"${BUILT_PRODUCTS_DIR}/${PRODUCT_NAME}.app/GoogleService-Info.plist\"\nelse\n    cp \"${PROJECT_DIR}/${PROJECT_NAME}/Resource/Plist/GoogleService-Info-develop.plist\" \"${BUILT_PRODUCTS_DIR}/${PRODUCT_NAME}.app/GoogleService-Info.plist\"\nfi\n";
		};
		D3F2A89E23E1EB53008CDA97 /* R.swift */ = {
			isa = PBXShellScriptBuildPhase;
			buildActionMask = 2147483647;
			files = (
			);
			inputFileListPaths = (
			);
			inputPaths = (
				"$TEMP_DIR/rswift-lastrun",
			);
			name = R.swift;
			outputFileListPaths = (
			);
			outputPaths = (
				$SRCROOT/R.generated.swift,
			);
			runOnlyForDeploymentPostprocessing = 0;
			shellPath = /bin/sh;
			shellScript = "# Type a script or drag a script file from your workspace to insert its path.\n\"$PODS_ROOT/R.swift/rswift\" generate \"$SRCROOT/R.generated.swift\"\n";
		};
		DF6BFFCF6EA690C9255A4B53 /* [CP] Embed Pods Frameworks */ = {
			isa = PBXShellScriptBuildPhase;
			buildActionMask = 2147483647;
			files = (
			);
			inputFileListPaths = (
				"${PODS_ROOT}/Target Support Files/Pods-PlaceDiary-PlaceDiaryUITests/Pods-PlaceDiary-PlaceDiaryUITests-frameworks-${CONFIGURATION}-input-files.xcfilelist",
			);
			name = "[CP] Embed Pods Frameworks";
			outputFileListPaths = (
				"${PODS_ROOT}/Target Support Files/Pods-PlaceDiary-PlaceDiaryUITests/Pods-PlaceDiary-PlaceDiaryUITests-frameworks-${CONFIGURATION}-output-files.xcfilelist",
			);
			runOnlyForDeploymentPostprocessing = 0;
			shellPath = /bin/sh;
			shellScript = "\"${PODS_ROOT}/Target Support Files/Pods-PlaceDiary-PlaceDiaryUITests/Pods-PlaceDiary-PlaceDiaryUITests-frameworks.sh\"\n";
			showEnvVarsInLog = 0;
		};
/* End PBXShellScriptBuildPhase section */

/* Begin PBXSourcesBuildPhase section */
		0DEDEC0C7D44A918BDD71BAB /* Sources */ = {
			isa = PBXSourcesBuildPhase;
			buildActionMask = 2147483647;
			files = (
				D333BD4623E0883A003E0FF4 /* AuthClient.swift in Sources */,
				D3058ECF23E208EC00432D22 /* BaseViewModel.swift in Sources */,
				D3EEB10D24262EE5009FC8FB /* LocatiionManager.swift in Sources */,
				D333BD5E23E08C2E003E0FF4 /* Array+isNotEmpty.swift in Sources */,
				D3EEB11B24263F53009FC8FB /* TopBarViewModel.swift in Sources */,
				D37CE9CB23E20AED0037F5C3 /* Diary.swift in Sources */,
				D333BD4523E0883A003E0FF4 /* FirestoreCollcetionName.swift in Sources */,
				D3CF608423E0874700299CF4 /* DiaryMapViewController.swift in Sources */,
				596D757EBBF8A1E529A1D85E /* AppDelegate.swift in Sources */,
				D3F2A89D23E1E0B3008CDA97 /* BottomActionBarViewController.swift in Sources */,
				D3EEB10A24262DC1009FC8FB /* User.swift in Sources */,
				D3F2A8A023E1ECCC008CDA97 /* R.generated.swift in Sources */,
				D3EEB1152426327B009FC8FB /* TopBarViewController.swift in Sources */,
				D333BD6423E08C7F003E0FF4 /* BaseViewController.swift in Sources */,
				D3EEB11F24265188009FC8FB /* MyProfileViewController.swift in Sources */,
				D330E12223E31EC5004151B6 /* HomeViewController.swift in Sources */,
				D333BD5D23E08C2E003E0FF4 /* ClassName+Extention.swift in Sources */,
				D33AA24A23E520B6001AC8CC /* WriteDiaryChoosePlaceModel.swift in Sources */,
				D333BD4423E0883A003E0FF4 /* FirestoreClient.swift in Sources */,
				D333BD6023E08C2E003E0FF4 /* Array+doesNotContain.swift in Sources */,
				D330E12023E31BC0004151B6 /* BottomActionBarViewModel.swift in Sources */,
				D3EEB11D24263F8D009FC8FB /* DiaryListViewModel.swift in Sources */,
				D333BD6123E08C2E003E0FF4 /* Bool+Reverse.swift in Sources */,
				D364CA5623E458E3004E6D20 /* CloudStorageClient.swift in Sources */,
				78E27CA2F9E2606FCEDE2782 /* SceneDelegate.swift in Sources */,
				D3CB10C823E1634500413844 /* DiaryMapModel.swift in Sources */,
				D3CB10C623E1632600413844 /* Entity.swift in Sources */,
				D364CA5423E45712004E6D20 /* WriteDiaryContentModel.swift in Sources */,
				D37CE9CD23E20CC20037F5C3 /* AppError.swift in Sources */,
				D3B3DB0E23E3DD940047E60B /* DiaryAnnotation.swift in Sources */,
				D333BD5F23E08C2E003E0FF4 /* String+isNotEmpty.swift in Sources */,
				D333BD6223E08C2E003E0FF4 /* UIImage+Resizable.swift in Sources */,
				D3EEB1132426315C009FC8FB /* DiaryListViewController.swift in Sources */,
				D3CF608123E086A500299CF4 /* DiaryMapViewModel.swift in Sources */,
			);
			runOnlyForDeploymentPostprocessing = 0;
		};
		A1951621A26BBD5B5F1173C4 /* Sources */ = {
			isa = PBXSourcesBuildPhase;
			buildActionMask = 2147483647;
			files = (
				C163D0D60E900AD98B788622 /* PlaceDiaryUITests.swift in Sources */,
			);
			runOnlyForDeploymentPostprocessing = 0;
		};
		F5B7931887A7D4395DDF641F /* Sources */ = {
			isa = PBXSourcesBuildPhase;
			buildActionMask = 2147483647;
			files = (
				D695FABE41CC27335135611F /* PlaceDiaryTests.swift in Sources */,
			);
			runOnlyForDeploymentPostprocessing = 0;
		};
/* End PBXSourcesBuildPhase section */

/* Begin PBXTargetDependency section */
		6CBD0D6A532E25D97A2DBB9D /* PBXTargetDependency */ = {
			isa = PBXTargetDependency;
			target = 53925CE5FA0BFB00157A6B47 /* PlaceDiary */;
			targetProxy = 191E53F10B4068FFB9BEE2BF /* PBXContainerItemProxy */;
		};
		E7BCAE7ED4DCAA8A5BD2F8B8 /* PBXTargetDependency */ = {
			isa = PBXTargetDependency;
			target = 53925CE5FA0BFB00157A6B47 /* PlaceDiary */;
			targetProxy = 94414032468BB85C2A9EE6D3 /* PBXContainerItemProxy */;
		};
/* End PBXTargetDependency section */

/* Begin PBXVariantGroup section */
		5C34559AFCD3E53686A2112A /* LaunchScreen.storyboard */ = {
			isa = PBXVariantGroup;
			children = (
				D603657641ACEE9E888A8C38 /* Base */,
			);
			name = LaunchScreen.storyboard;
			sourceTree = "<group>";
		};
/* End PBXVariantGroup section */

/* Begin XCBuildConfiguration section */
		1CDEDF9BCFB803DBACA9304A /* Debug */ = {
			isa = XCBuildConfiguration;
			baseConfigurationReference = F37CC19713B2156FC9B90E4C /* Pods-PlaceDiary-PlaceDiaryUITests.debug.xcconfig */;
			buildSettings = {
				BUNDLE_LOADER = "$(TEST_HOST)";
				"CODE_SIGN_IDENTITY[sdk=macosx*]" = "Apple Development";
				DEVELOPMENT_TEAM = 2X6AD4W323;
				INFOPLIST_FILE = PlaceDiaryUITests/Info.plist;
				LD_RUNPATH_SEARCH_PATHS = (
					"$(inherited)",
					"@executable_path/Frameworks",
					"@loader_path/Frameworks",
				);
				PRODUCT_BUNDLE_IDENTIFIER = dev.fummicc1.PlaceDiaryUITests;
				SDKROOT = iphoneos;
				TARGETED_DEVICE_FAMILY = "1,2";
				TEST_TARGET_NAME = PlaceDiary;
			};
			name = Debug;
		};
		256D9FDA73744DB437B8012B /* Debug */ = {
			isa = XCBuildConfiguration;
			buildSettings = {
				ALWAYS_SEARCH_USER_PATHS = NO;
				CLANG_ANALYZER_NONNULL = YES;
				CLANG_ANALYZER_NUMBER_OBJECT_CONVERSION = YES_AGGRESSIVE;
				CLANG_CXX_LANGUAGE_STANDARD = "gnu++14";
				CLANG_CXX_LIBRARY = "libc++";
				CLANG_ENABLE_MODULES = YES;
				CLANG_ENABLE_OBJC_ARC = YES;
				CLANG_WARN_BLOCK_CAPTURE_AUTORELEASING = YES;
				CLANG_WARN_BOOL_CONVERSION = YES;
				CLANG_WARN_COMMA = YES;
				CLANG_WARN_CONSTANT_CONVERSION = YES;
				CLANG_WARN_DEPRECATED_OBJC_IMPLEMENTATIONS = YES;
				CLANG_WARN_DIRECT_OBJC_ISA_USAGE = YES_ERROR;
				CLANG_WARN_DOCUMENTATION_COMMENTS = YES;
				CLANG_WARN_EMPTY_BODY = YES;
				CLANG_WARN_ENUM_CONVERSION = YES;
				CLANG_WARN_INFINITE_RECURSION = YES;
				CLANG_WARN_INT_CONVERSION = YES;
				CLANG_WARN_NON_LITERAL_NULL_CONVERSION = YES;
				CLANG_WARN_OBJC_IMPLICIT_RETAIN_SELF = YES;
				CLANG_WARN_OBJC_LITERAL_CONVERSION = YES;
				CLANG_WARN_OBJC_ROOT_CLASS = YES_ERROR;
				CLANG_WARN_RANGE_LOOP_ANALYSIS = YES;
				CLANG_WARN_STRICT_PROTOTYPES = YES;
				CLANG_WARN_SUSPICIOUS_MOVE = YES;
				CLANG_WARN_UNGUARDED_AVAILABILITY = YES_AGGRESSIVE;
				CLANG_WARN_UNREACHABLE_CODE = YES;
				CLANG_WARN__DUPLICATE_METHOD_MATCH = YES;
				COPY_PHASE_STRIP = NO;
				DEBUG_INFORMATION_FORMAT = dwarf;
				ENABLE_STRICT_OBJC_MSGSEND = YES;
				ENABLE_TESTABILITY = YES;
				GCC_C_LANGUAGE_STANDARD = gnu11;
				GCC_DYNAMIC_NO_PIC = NO;
				GCC_NO_COMMON_BLOCKS = YES;
				GCC_OPTIMIZATION_LEVEL = 0;
				GCC_PREPROCESSOR_DEFINITIONS = (
					"$(inherited)",
					"DEBUG=1",
				);
				GCC_WARN_64_TO_32_BIT_CONVERSION = YES;
				GCC_WARN_ABOUT_RETURN_TYPE = YES_ERROR;
				GCC_WARN_UNDECLARED_SELECTOR = YES;
				GCC_WARN_UNINITIALIZED_AUTOS = YES_AGGRESSIVE;
				GCC_WARN_UNUSED_FUNCTION = YES;
				GCC_WARN_UNUSED_VARIABLE = YES;
				IPHONEOS_DEPLOYMENT_TARGET = 13.0;
				MTL_ENABLE_DEBUG_INFO = YES;
				ONLY_ACTIVE_ARCH = YES;
				PRODUCT_NAME = "$(TARGET_NAME)";
				SDKROOT = iphoneos;
				SWIFT_ACTIVE_COMPILATION_CONDITIONS = DEBUG;
				SWIFT_OPTIMIZATION_LEVEL = "-Onone";
				SWIFT_VERSION = 5.0;
			};
			name = Debug;
		};
		58D838ABC623E8D7E2401DA5 /* Debug */ = {
			isa = XCBuildConfiguration;
			baseConfigurationReference = 47E8116E31FC0EBCAFCCA4A1 /* Pods-PlaceDiaryTests.debug.xcconfig */;
			buildSettings = {
				BUNDLE_LOADER = "$(TEST_HOST)";
				DEVELOPMENT_TEAM = 2X6AD4W323;
				INFOPLIST_FILE = PlaceDiaryTests/Info.plist;
				LD_RUNPATH_SEARCH_PATHS = (
					"$(inherited)",
					"@executable_path/Frameworks",
					"@loader_path/Frameworks",
				);
				PRODUCT_BUNDLE_IDENTIFIER = dev.fummicc1.PlaceDiaryTests;
				SDKROOT = iphoneos;
				TARGETED_DEVICE_FAMILY = "1,2";
				TEST_HOST = "$(BUILT_PRODUCTS_DIR)/PlaceDiary.app/PlaceDiary";
				TEST_TARGET_NAME = PlaceDiary;
			};
			name = Debug;
		};
		7F0E2D0B0EEE1DE701B85EEC /* Release */ = {
			isa = XCBuildConfiguration;
			buildSettings = {
				ALWAYS_SEARCH_USER_PATHS = NO;
				CLANG_ANALYZER_NONNULL = YES;
				CLANG_ANALYZER_NUMBER_OBJECT_CONVERSION = YES_AGGRESSIVE;
				CLANG_CXX_LANGUAGE_STANDARD = "gnu++14";
				CLANG_CXX_LIBRARY = "libc++";
				CLANG_ENABLE_MODULES = YES;
				CLANG_ENABLE_OBJC_ARC = YES;
				CLANG_WARN_BLOCK_CAPTURE_AUTORELEASING = YES;
				CLANG_WARN_BOOL_CONVERSION = YES;
				CLANG_WARN_COMMA = YES;
				CLANG_WARN_CONSTANT_CONVERSION = YES;
				CLANG_WARN_DEPRECATED_OBJC_IMPLEMENTATIONS = YES;
				CLANG_WARN_DIRECT_OBJC_ISA_USAGE = YES_ERROR;
				CLANG_WARN_DOCUMENTATION_COMMENTS = YES;
				CLANG_WARN_EMPTY_BODY = YES;
				CLANG_WARN_ENUM_CONVERSION = YES;
				CLANG_WARN_INFINITE_RECURSION = YES;
				CLANG_WARN_INT_CONVERSION = YES;
				CLANG_WARN_NON_LITERAL_NULL_CONVERSION = YES;
				CLANG_WARN_OBJC_IMPLICIT_RETAIN_SELF = YES;
				CLANG_WARN_OBJC_LITERAL_CONVERSION = YES;
				CLANG_WARN_OBJC_ROOT_CLASS = YES_ERROR;
				CLANG_WARN_RANGE_LOOP_ANALYSIS = YES;
				CLANG_WARN_STRICT_PROTOTYPES = YES;
				CLANG_WARN_SUSPICIOUS_MOVE = YES;
				CLANG_WARN_UNGUARDED_AVAILABILITY = YES_AGGRESSIVE;
				CLANG_WARN_UNREACHABLE_CODE = YES;
				CLANG_WARN__DUPLICATE_METHOD_MATCH = YES;
				COPY_PHASE_STRIP = NO;
				DEBUG_INFORMATION_FORMAT = "dwarf-with-dsym";
				ENABLE_NS_ASSERTIONS = NO;
				ENABLE_STRICT_OBJC_MSGSEND = YES;
				GCC_C_LANGUAGE_STANDARD = gnu11;
				GCC_NO_COMMON_BLOCKS = YES;
				GCC_WARN_64_TO_32_BIT_CONVERSION = YES;
				GCC_WARN_ABOUT_RETURN_TYPE = YES_ERROR;
				GCC_WARN_UNDECLARED_SELECTOR = YES;
				GCC_WARN_UNINITIALIZED_AUTOS = YES_AGGRESSIVE;
				GCC_WARN_UNUSED_FUNCTION = YES;
				GCC_WARN_UNUSED_VARIABLE = YES;
				IPHONEOS_DEPLOYMENT_TARGET = 13.0;
				PRODUCT_NAME = "$(TARGET_NAME)";
				SDKROOT = iphoneos;
				SWIFT_COMPILATION_MODE = wholemodule;
				SWIFT_VERSION = 5.0;
				VALIDATE_PRODUCT = YES;
			};
			name = Release;
		};
		BBE5CC1037DF3FC98F66C3FD /* Release */ = {
			isa = XCBuildConfiguration;
			baseConfigurationReference = 7094190D10DF60F422A93301 /* Pods-PlaceDiary.release.xcconfig */;
			buildSettings = {
				APP_ID_SUFFIX = "";
				ASSETCATALOG_COMPILER_APPICON_NAME = AppIcon;
				CODE_SIGN_IDENTITY = "iPhone Developer";
				CURRENT_PROJECT_VERSION = 1;
				DEVELOPMENT_TEAM = 2X6AD4W323;
				ENABLE_TESTABILITY = YES;
				INFOPLIST_FILE = PlaceDiary/Resource/Plist/Info.plist;
				IPHONEOS_DEPLOYMENT_TARGET = 13.0;
				LD_RUNPATH_SEARCH_PATHS = (
					"$(inherited)",
					"@executable_path/Frameworks",
				);
				MARKETING_VERSION = 1.0.0;
				PRODUCT_BUNDLE_IDENTIFIER = "dev.fummicc1.PlaceDiary$(APP_ID_SUFFIX)";
				SDKROOT = iphoneos;
				TARGETED_DEVICE_FAMILY = "1,2";
			};
			name = Release;
		};
		BBF84FA4254F80DEBBC4FBB5 /* Debug */ = {
			isa = XCBuildConfiguration;
			baseConfigurationReference = 5FE93A26929519A085F3040E /* Pods-PlaceDiary.debug.xcconfig */;
			buildSettings = {
				APP_ID_SUFFIX = "-debug";
				ASSETCATALOG_COMPILER_APPICON_NAME = AppIcon;
				CODE_SIGN_IDENTITY = "iPhone Developer";
				CURRENT_PROJECT_VERSION = 1;
				DEVELOPMENT_TEAM = 2X6AD4W323;
				INFOPLIST_FILE = PlaceDiary/Resource/Plist/Info.plist;
				IPHONEOS_DEPLOYMENT_TARGET = 13.0;
				LD_RUNPATH_SEARCH_PATHS = (
					"$(inherited)",
					"@executable_path/Frameworks",
				);
				MARKETING_VERSION = 1.0.0;
				PRODUCT_BUNDLE_IDENTIFIER = "dev.fummicc1.PlaceDiary$(APP_ID_SUFFIX)";
				SDKROOT = iphoneos;
				TARGETED_DEVICE_FAMILY = "1,2";
			};
			name = Debug;
		};
		E5F358B0DF8107AB895DF6B3 /* Release */ = {
			isa = XCBuildConfiguration;
			baseConfigurationReference = E6C0E607DE5F7650C9DED400 /* Pods-PlaceDiary-PlaceDiaryUITests.release.xcconfig */;
			buildSettings = {
				BUNDLE_LOADER = "$(TEST_HOST)";
				"CODE_SIGN_IDENTITY[sdk=macosx*]" = "Apple Development";
				DEVELOPMENT_TEAM = 2X6AD4W323;
				INFOPLIST_FILE = PlaceDiaryUITests/Info.plist;
				LD_RUNPATH_SEARCH_PATHS = (
					"$(inherited)",
					"@executable_path/Frameworks",
					"@loader_path/Frameworks",
				);
				PRODUCT_BUNDLE_IDENTIFIER = dev.fummicc1.PlaceDiaryUITests;
				SDKROOT = iphoneos;
				TARGETED_DEVICE_FAMILY = "1,2";
				TEST_TARGET_NAME = PlaceDiary;
			};
			name = Release;
		};
		F723CC5A0CC0443A24468FEB /* Release */ = {
			isa = XCBuildConfiguration;
			baseConfigurationReference = 2DE0A266899AE89545943119 /* Pods-PlaceDiaryTests.release.xcconfig */;
			buildSettings = {
				BUNDLE_LOADER = "$(TEST_HOST)";
				DEVELOPMENT_TEAM = 2X6AD4W323;
				INFOPLIST_FILE = PlaceDiaryTests/Info.plist;
				LD_RUNPATH_SEARCH_PATHS = (
					"$(inherited)",
					"@executable_path/Frameworks",
					"@loader_path/Frameworks",
				);
				PRODUCT_BUNDLE_IDENTIFIER = dev.fummicc1.PlaceDiaryTests;
				SDKROOT = iphoneos;
				TARGETED_DEVICE_FAMILY = "1,2";
				TEST_HOST = "$(BUILT_PRODUCTS_DIR)/PlaceDiary.app/PlaceDiary";
				TEST_TARGET_NAME = PlaceDiary;
			};
			name = Release;
		};
/* End XCBuildConfiguration section */

/* Begin XCConfigurationList section */
		562B1742B2C69707BA4DFDF7 /* Build configuration list for PBXNativeTarget "PlaceDiaryUITests" */ = {
			isa = XCConfigurationList;
			buildConfigurations = (
				1CDEDF9BCFB803DBACA9304A /* Debug */,
				E5F358B0DF8107AB895DF6B3 /* Release */,
			);
			defaultConfigurationIsVisible = 0;
			defaultConfigurationName = Release;
		};
		A72E73707F39A1C8B325912C /* Build configuration list for PBXProject "PlaceDiary" */ = {
			isa = XCConfigurationList;
			buildConfigurations = (
				256D9FDA73744DB437B8012B /* Debug */,
				7F0E2D0B0EEE1DE701B85EEC /* Release */,
			);
			defaultConfigurationIsVisible = 0;
			defaultConfigurationName = Release;
		};
		CD5B74065B086120ECB97EED /* Build configuration list for PBXNativeTarget "PlaceDiaryTests" */ = {
			isa = XCConfigurationList;
			buildConfigurations = (
				58D838ABC623E8D7E2401DA5 /* Debug */,
				F723CC5A0CC0443A24468FEB /* Release */,
			);
			defaultConfigurationIsVisible = 0;
			defaultConfigurationName = Release;
		};
		F3F3B8AD7FD8C01F23780F67 /* Build configuration list for PBXNativeTarget "PlaceDiary" */ = {
			isa = XCConfigurationList;
			buildConfigurations = (
				BBF84FA4254F80DEBBC4FBB5 /* Debug */,
				BBE5CC1037DF3FC98F66C3FD /* Release */,
			);
			defaultConfigurationIsVisible = 0;
			defaultConfigurationName = Release;
		};
/* End XCConfigurationList section */
	};
	rootObject = 3C6EF8D99E668F403A3ABEEE /* Project object */;
}
